
Microsoft Visual Studio Solution File, Format Version 12.00
# Visual Studio Version 17
VisualStudioVersion = 17.0.32112.339
MinimumVisualStudioVersion = 10.0.40219.1
Project("{9A19103F-16F7-4668-BE54-9A1E7A4F7556}") = "IT", "src\IT\IT.csproj", "{D9E3D9A3-D76B-4687-86FC-EFFF146A299C}"
EndProject
Project("{9A19103F-16F7-4668-BE54-9A1E7A4F7556}") = "IT.Tests", "src\IT.Tests\IT.Tests.csproj", "{49431560-290C-46FD-AEFF-A7416B81B366}"
EndProject
Project("{9A19103F-16F7-4668-BE54-9A1E7A4F7556}") = "IT.AspNet", "src\IT.AspNet\IT.AspNet.csproj", "{186C98EB-8C1D-4BA3-9C0E-40AAF121AD66}"
EndProject
Project("{9A19103F-16F7-4668-BE54-9A1E7A4F7556}") = "IT.Security.Cryptography.JinnServer", "src\IT.Security.Cryptography.JinnServer\IT.Security.Cryptography.JinnServer.csproj", "{2AF2DA96-E547-4597-969A-502AD277CEE6}"
EndProject
Project("{9A19103F-16F7-4668-BE54-9A1E7A4F7556}") = "IT.Bcl", "src\IT.Bcl\IT.Bcl.csproj", "{078C2A6B-B19F-41DA-904E-9529F4EF6D2E}"
EndProject
Project("{2150E333-8FDC-42A3-9474-1A3956D46DE8}") = "src", "src", "{E4BE5E95-DFBC-43A8-BD99-322FE797B2C2}"
EndProject
Project("{2150E333-8FDC-42A3-9474-1A3956D46DE8}") = "test", "test", "{C5D8F98A-4D39-4C88-9588-D83A98B84D97}"
EndProject
Global
	GlobalSection(SolutionConfigurationPlatforms) = preSolution
		Debug|Any CPU = Debug|Any CPU
		Release|Any CPU = Release|Any CPU
	EndGlobalSection
	GlobalSection(ProjectConfigurationPlatforms) = postSolution
		{D9E3D9A3-D76B-4687-86FC-EFFF146A299C}.Debug|Any CPU.ActiveCfg = Debug|Any CPU
		{D9E3D9A3-D76B-4687-86FC-EFFF146A299C}.Debug|Any CPU.Build.0 = Debug|Any CPU
		{D9E3D9A3-D76B-4687-86FC-EFFF146A299C}.Release|Any CPU.ActiveCfg = Release|Any CPU
		{D9E3D9A3-D76B-4687-86FC-EFFF146A299C}.Release|Any CPU.Build.0 = Release|Any CPU
		{49431560-290C-46FD-AEFF-A7416B81B366}.Debug|Any CPU.ActiveCfg = Debug|Any CPU
		{49431560-290C-46FD-AEFF-A7416B81B366}.Debug|Any CPU.Build.0 = Debug|Any CPU
		{49431560-290C-46FD-AEFF-A7416B81B366}.Release|Any CPU.ActiveCfg = Release|Any CPU
		{49431560-290C-46FD-AEFF-A7416B81B366}.Release|Any CPU.Build.0 = Release|Any CPU
		{186C98EB-8C1D-4BA3-9C0E-40AAF121AD66}.Debug|Any CPU.ActiveCfg = Debug|Any CPU
		{186C98EB-8C1D-4BA3-9C0E-40AAF121AD66}.Debug|Any CPU.Build.0 = Debug|Any CPU
		{186C98EB-8C1D-4BA3-9C0E-40AAF121AD66}.Release|Any CPU.ActiveCfg = Release|Any CPU
		{186C98EB-8C1D-4BA3-9C0E-40AAF121AD66}.Release|Any CPU.Build.0 = Release|Any CPU
		{2AF2DA96-E547-4597-969A-502AD277CEE6}.Debug|Any CPU.ActiveCfg = Debug|Any CPU
		{2AF2DA96-E547-4597-969A-502AD277CEE6}.Debug|Any CPU.Build.0 = Debug|Any CPU
		{2AF2DA96-E547-4597-969A-502AD277CEE6}.Release|Any CPU.ActiveCfg = Release|Any CPU
		{2AF2DA96-E547-4597-969A-502AD277CEE6}.Release|Any CPU.Build.0 = Release|Any CPU
		{078C2A6B-B19F-41DA-904E-9529F4EF6D2E}.Debug|Any CPU.ActiveCfg = Debug|Any CPU
		{078C2A6B-B19F-41DA-904E-9529F4EF6D2E}.Debug|Any CPU.Build.0 = Debug|Any CPU
		{078C2A6B-B19F-41DA-904E-9529F4EF6D2E}.Release|Any CPU.ActiveCfg = Release|Any CPU
		{078C2A6B-B19F-41DA-904E-9529F4EF6D2E}.Release|Any CPU.Build.0 = Release|Any CPU
	EndGlobalSection
	GlobalSection(SolutionProperties) = preSolution
		HideSolutionNode = FALSE
	EndGlobalSection
	GlobalSection(NestedProjects) = preSolution
		{D9E3D9A3-D76B-4687-86FC-EFFF146A299C} = {E4BE5E95-DFBC-43A8-BD99-322FE797B2C2}
		{49431560-290C-46FD-AEFF-A7416B81B366} = {C5D8F98A-4D39-4C88-9588-D83A98B84D97}
		{186C98EB-8C1D-4BA3-9C0E-40AAF121AD66} = {E4BE5E95-DFBC-43A8-BD99-322FE797B2C2}
		{2AF2DA96-E547-4597-969A-502AD277CEE6} = {E4BE5E95-DFBC-43A8-BD99-322FE797B2C2}
		{078C2A6B-B19F-41DA-904E-9529F4EF6D2E} = {E4BE5E95-DFBC-43A8-BD99-322FE797B2C2}
	EndGlobalSection
	GlobalSection(ExtensibilityGlobals) = postSolution
		SolutionGuid = {E61A39C8-7FE8-4292-A237-B5DBE7E0E57C}
	EndGlobalSection
EndGlobal
