
Microsoft Visual Studio Solution File, Format Version 12.00
# Visual Studio Version 17
VisualStudioVersion = 17.0.32112.339
MinimumVisualStudioVersion = 10.0.40219.1
Project("{9A19103F-16F7-4668-BE54-9A1E7A4F7556}") = "IT.Bcl", "src\IT.Bcl\IT.Bcl.csproj", "{078C2A6B-B19F-41DA-904E-9529F4EF6D2E}"
EndProject
Project("{2150E333-8FDC-42A3-9474-1A3956D46DE8}") = "Redis", "Redis", "{E4BE5E95-DFBC-43A8-BD99-322FE797B2C2}"
EndProject
Project("{9A19103F-16F7-4668-BE54-9A1E7A4F7556}") = "IT.Locking", "src\IT.Locking\IT.Locking.csproj", "{E49C8FE1-3022-4120-B7E8-EFF454FF4020}"
EndProject
Project("{9A19103F-16F7-4668-BE54-9A1E7A4F7556}") = "IT.Locking.Redis", "src\IT.Locking.Redis\IT.Locking.Redis.csproj", "{FAF7E3E1-D2FC-4B11-9607-2B15EAC193BB}"
EndProject
Project("{9A19103F-16F7-4668-BE54-9A1E7A4F7556}") = "IT.Serialization", "src\IT.Serialization\IT.Serialization.csproj", "{4D1FA608-D22D-4568-94A0-0B432504C384}"
EndProject
Project("{9A19103F-16F7-4668-BE54-9A1E7A4F7556}") = "IT.Serialization.Json", "src\IT.Serialization.Json\IT.Serialization.Json.csproj", "{8ED688A8-A86B-4679-B71C-EFA0E582108F}"
EndProject
Project("{9A19103F-16F7-4668-BE54-9A1E7A4F7556}") = "IT.Serialization.MessagePack", "src\IT.Serialization.MessagePack\IT.Serialization.MessagePack.csproj", "{F8A0E798-B0AC-464C-96B5-AE8C3407E914}"
EndProject
Project("{9A19103F-16F7-4668-BE54-9A1E7A4F7556}") = "IT.Memory", "src\IT.Memory\IT.Memory.csproj", "{CCC11834-BF6E-46C7-911F-7933CE906853}"
EndProject
Project("{9A19103F-16F7-4668-BE54-9A1E7A4F7556}") = "IT.Serialization.Utf8Json", "src\IT.Serialization.Utf8Json\IT.Serialization.Utf8Json.csproj", "{D24F36D6-4047-4FB9-9F14-710AE30BEE00}"
EndProject
Project("{9A19103F-16F7-4668-BE54-9A1E7A4F7556}") = "IT.PubSub", "src\IT.PubSub\IT.PubSub.csproj", "{168EB512-208B-433C-BD9B-B7D02CD4339B}"
EndProject
Project("{9A19103F-16F7-4668-BE54-9A1E7A4F7556}") = "IT.PubSub.Redis", "src\IT.PubSub.Redis\IT.PubSub.Redis.csproj", "{D94C4B15-B1DA-422E-AFA8-3E14272DEE8C}"
EndProject
Project("{9A19103F-16F7-4668-BE54-9A1E7A4F7556}") = "IT.Generation", "src\IT.Generation\IT.Generation.csproj", "{766116F0-2895-4E03-A9D9-4334F350A88B}"
EndProject
Project("{9A19103F-16F7-4668-BE54-9A1E7A4F7556}") = "IT.Mapping", "src\IT.Mapping\IT.Mapping.csproj", "{0A6F4598-8B84-4738-A760-D9AD91348717}"
EndProject
Project("{9A19103F-16F7-4668-BE54-9A1E7A4F7556}") = "IT.Working", "src\IT.Working\IT.Working.csproj", "{1ACB49AE-8BAF-4A3E-8BD1-51CEF7D93BB1}"
EndProject
Project("{9A19103F-16F7-4668-BE54-9A1E7A4F7556}") = "IT.Working.Redis", "src\IT.Working.Redis\IT.Working.Redis.csproj", "{93DBD3FD-183B-47B9-A608-98A3B99F33A3}"
EndProject
Project("{9A19103F-16F7-4668-BE54-9A1E7A4F7556}") = "IT.Data", "src\IT.Data\IT.Data.csproj", "{FC0D5F0C-BFC9-45C3-AC26-337A9FD8A55D}"
EndProject
Project("{9A19103F-16F7-4668-BE54-9A1E7A4F7556}") = "IT.Data.Redis", "src\IT.Data.Redis\IT.Data.Redis.csproj", "{A568691F-5C17-4260-ABAB-0271891F8850}"
EndProject
Project("{9A19103F-16F7-4668-BE54-9A1E7A4F7556}") = "IT.Data.Mongo", "src\IT.Data.Mongo\IT.Data.Mongo.csproj", "{100A66C7-0A9F-4555-AD3B-EA41B9C5C96D}"
EndProject
Project("{9A19103F-16F7-4668-BE54-9A1E7A4F7556}") = "IT.Data.Dapper", "src\IT.Data.Dapper\IT.Data.Dapper.csproj", "{CA389967-24D5-46CB-9576-D83FBDE20C35}"
EndProject
Project("{9A19103F-16F7-4668-BE54-9A1E7A4F7556}") = "IT.Security.Cryptography.Xml", "src\IT.Security.Cryptography.Xml\IT.Security.Cryptography.Xml.csproj", "{29A0E2C5-23F9-4E86-933F-5E4E84882F21}"
EndProject
Project("{9A19103F-16F7-4668-BE54-9A1E7A4F7556}") = "IT.Security.Cryptography", "src\IT.Security.Cryptography\IT.Security.Cryptography.csproj", "{C6800127-3CE5-48C1-A4C6-D6FDFC7766C2}"
EndProject
Project("{9A19103F-16F7-4668-BE54-9A1E7A4F7556}") = "IT.Security.Cryptography.Gost", "src\IT.Security.Cryptography.Gost\IT.Security.Cryptography.Gost.csproj", "{C09CD713-B821-4F22-AA4F-042DF33E82EA}"
EndProject
Project("{9A19103F-16F7-4668-BE54-9A1E7A4F7556}") = "IT.Security.Cryptography.JinnServer", "src\IT.Security.Cryptography.JinnServer\IT.Security.Cryptography.JinnServer.csproj", "{A7B9F4CD-9FB3-477E-91EA-A176685474E8}"
EndProject
Project("{9A19103F-16F7-4668-BE54-9A1E7A4F7556}") = "IT.Generation.KGySoft", "src\IT.Generation.KGySoft\IT.Generation.KGySoft.csproj", "{2A4234CA-DB3D-48FB-842E-0D056D1699A1}"
EndProject
Project("{9A19103F-16F7-4668-BE54-9A1E7A4F7556}") = "IT.Security.Cryptography.BouncyCastle", "src\IT.Security.Cryptography.BouncyCastle\IT.Security.Cryptography.BouncyCastle.csproj", "{F9948CBD-2673-49FD-870C-DF712B80C94B}"
EndProject
Project("{9A19103F-16F7-4668-BE54-9A1E7A4F7556}") = "IT.Pdf", "src\IT.Pdf\IT.Pdf.csproj", "{F97E766D-9337-4094-9C1A-E42140F21850}"
EndProject
Project("{9A19103F-16F7-4668-BE54-9A1E7A4F7556}") = "IT.Pdf.PDFSharp", "src\IT.Pdf.PDFSharp\IT.Pdf.PDFSharp.csproj", "{04C426A1-E82D-4EE7-AB17-A804BE5A8C80}"
EndProject
Project("{9A19103F-16F7-4668-BE54-9A1E7A4F7556}") = "IT.Locking.Redis.RedLock", "src\IT.Locking.Redis.RedLock\IT.Locking.Redis.RedLock.csproj", "{C650C8DB-6E5A-44A9-A450-60FBEA2C90FF}"
EndProject
Project("{9A19103F-16F7-4668-BE54-9A1E7A4F7556}") = "IT.Id", "src\IT.Id\IT.Id.csproj", "{A3DA3658-E310-4CFF-8B11-8DCAF02B7607}"
EndProject
Project("{9A19103F-16F7-4668-BE54-9A1E7A4F7556}") = "IT.Pdf.DinkToPdf", "src\IT.Pdf.DinkToPdf\IT.Pdf.DinkToPdf.csproj", "{FBA7AB45-DFCC-4D88-8828-9650B916E043}"
EndProject
Project("{9A19103F-16F7-4668-BE54-9A1E7A4F7556}") = "IT.Redis", "src\IT.Redis\IT.Redis.csproj", "{2A3BD002-6B0B-4395-9FF2-93CC03FE904D}"
EndProject
Project("{9A19103F-16F7-4668-BE54-9A1E7A4F7556}") = "IT.Text", "src\IT.Text\IT.Text.csproj", "{903FC486-24C0-48C4-81E1-8519D55D8098}"
EndProject
Project("{9A19103F-16F7-4668-BE54-9A1E7A4F7556}") = "IT", "src\IT\IT.csproj", "{95C3B248-5BA7-4ACD-A684-D603268BAB5E}"
EndProject
Project("{9A19103F-16F7-4668-BE54-9A1E7A4F7556}") = "IT.Benchmarks", "benchmarks\IT.Benchmarks\IT.Benchmarks.csproj", "{23A25946-0A2A-428A-9D67-E48C062FEBC6}"
EndProject
Project("{2150E333-8FDC-42A3-9474-1A3956D46DE8}") = "Cryptography", "Cryptography", "{B313AAE1-DED3-46AE-B19A-71CCC0C0E2B6}"
EndProject
Project("{2150E333-8FDC-42A3-9474-1A3956D46DE8}") = "Serialization", "Serialization", "{AF69E957-7FC7-4A54-BC4F-C83CCA4C5DD4}"
EndProject
Project("{2150E333-8FDC-42A3-9474-1A3956D46DE8}") = "Data", "Data", "{E2B76CE3-F6B2-464B-AD83-A091DB70C321}"
EndProject
Project("{2150E333-8FDC-42A3-9474-1A3956D46DE8}") = "Generation", "Generation", "{B31F5C5B-139A-4F92-BD73-26E3DABDF773}"
EndProject
Project("{2150E333-8FDC-42A3-9474-1A3956D46DE8}") = "Locking", "Locking", "{E081CF0B-E3B5-469B-8CA2-FF1CAA9FB58D}"
EndProject
Project("{2150E333-8FDC-42A3-9474-1A3956D46DE8}") = "Pdf", "Pdf", "{E804FD67-3393-4D7C-9B1E-B2BA46BF69F3}"
EndProject
Project("{9A19103F-16F7-4668-BE54-9A1E7A4F7556}") = "IT.Serialization.Tests", "tests\IT.Serialization.Tests\IT.Serialization.Tests.csproj", "{A021607D-5CFC-41F4-9E34-B72DE1AF6D0E}"
EndProject
Project("{2150E333-8FDC-42A3-9474-1A3956D46DE8}") = "Mapping", "Mapping", "{00DD295E-76A1-4747-AEF2-52863817EC78}"
EndProject
Project("{2150E333-8FDC-42A3-9474-1A3956D46DE8}") = "Messaging", "Messaging", "{DA921E0C-574D-4720-984E-8CD2B9CA77B0}"
EndProject
Project("{9A19103F-16F7-4668-BE54-9A1E7A4F7556}") = "IT.Generation.Tests", "tests\IT.Generation.Tests\IT.Generation.Tests.csproj", "{19AF3ED1-0EFF-4FBF-B832-DD8EEBAD07DB}"
EndProject
Project("{9A19103F-16F7-4668-BE54-9A1E7A4F7556}") = "IT.Data.Tests", "tests\IT.Data.Tests\IT.Data.Tests.csproj", "{933E7972-6B04-4130-8F0D-5A60AA816AAD}"
EndProject
Project("{2150E333-8FDC-42A3-9474-1A3956D46DE8}") = "Working", "Working", "{650C0F0B-D687-44D9-A455-85EDEE5AA8E4}"
EndProject
Project("{2150E333-8FDC-42A3-9474-1A3956D46DE8}") = "Text", "Text", "{D3FFCD4A-8A92-42ED-9A66-EA03689767DA}"
EndProject
Project("{9A19103F-16F7-4668-BE54-9A1E7A4F7556}") = "IT.Pdf.Tests", "tests\IT.Pdf.Tests\IT.Pdf.Tests.csproj", "{6BB27D98-48F4-464C-B5CE-13697A448F24}"
EndProject
Project("{9A19103F-16F7-4668-BE54-9A1E7A4F7556}") = "IT.Security.Cryptography.Tests", "tests\IT.Security.Cryptography.Tests\IT.Security.Cryptography.Tests.csproj", "{D78E7057-176E-46E5-88B8-9CF26D2B067A}"
EndProject
Project("{9A19103F-16F7-4668-BE54-9A1E7A4F7556}") = "IT.Text.Tests", "tests\IT.Text.Tests\IT.Text.Tests.csproj", "{4A1C775C-41AE-4A8E-83C2-63F4884B0B62}"
EndProject
Project("{9A19103F-16F7-4668-BE54-9A1E7A4F7556}") = "IT.Tests", "tests\IT.Tests\IT.Tests.csproj", "{FB36C26B-E71F-4F71-A7DF-8D9F399766B0}"
EndProject
Project("{9A19103F-16F7-4668-BE54-9A1E7A4F7556}") = "IT.Messaging", "src\IT.Messaging\IT.Messaging.csproj", "{9C08B367-C962-45EB-9179-A75888085CA2}"
EndProject
Project("{9A19103F-16F7-4668-BE54-9A1E7A4F7556}") = "IT.Messaging.Redis", "src\IT.Messaging.Redis\IT.Messaging.Redis.csproj", "{3A522509-7F2E-4616-9972-D1C9E5BA444C}"
EndProject
Project("{9A19103F-16F7-4668-BE54-9A1E7A4F7556}") = "IT.Messaging.RabbitMQ", "src\IT.Messaging.RabbitMQ\IT.Messaging.RabbitMQ.csproj", "{1E37AB45-404B-46FB-BEDA-AC5D91E098E3}"
EndProject
Project("{9A19103F-16F7-4668-BE54-9A1E7A4F7556}") = "IT.Messaging.Kafka", "src\IT.Messaging.Kafka\IT.Messaging.Kafka.csproj", "{51BD82C6-D17A-4032-92A9-AC2C1ADE73AC}"
EndProject
Project("{9A19103F-16F7-4668-BE54-9A1E7A4F7556}") = "IT.Messaging.NATS", "src\IT.Messaging.NATS\IT.Messaging.NATS.csproj", "{2C7167F1-C78A-4540-9C17-D8BC4605E3EC}"
EndProject
Project("{9A19103F-16F7-4668-BE54-9A1E7A4F7556}") = "IT.Messaging.AlterNats", "src\IT.Messaging.AlterNats\IT.Messaging.AlterNats.csproj", "{D0571E3D-5747-409B-8820-AC0AD5E9FD18}"
EndProject
Project("{9A19103F-16F7-4668-BE54-9A1E7A4F7556}") = "IT.Mapping.AutoMapper", "src\IT.Mapping.AutoMapper\IT.Mapping.AutoMapper.csproj", "{D0DB1E06-F899-40AA-96DD-FE849CE7701E}"
EndProject
Project("{9A19103F-16F7-4668-BE54-9A1E7A4F7556}") = "IT.Mapping.Tests", "tests\IT.Mapping.Tests\IT.Mapping.Tests.csproj", "{E2AF95A8-82CF-4471-AB2F-0A035410AB36}"
EndProject
Project("{9A19103F-16F7-4668-BE54-9A1E7A4F7556}") = "IT.Messaging.Tests", "tests\IT.Messaging.Tests\IT.Messaging.Tests.csproj", "{48891606-DD9C-4E8E-9FE9-EB5FAC117034}"
EndProject
Project("{9A19103F-16F7-4668-BE54-9A1E7A4F7556}") = "IT.Mapping.Mapster", "src\IT.Mapping.Mapster\IT.Mapping.Mapster.csproj", "{01EFB43C-DA50-4071-A691-A765219A7323}"
EndProject
Project("{9A19103F-16F7-4668-BE54-9A1E7A4F7556}") = "IT.Mapping.Benchmarks", "benchmarks\IT.Mapping.Benchmarks\IT.Mapping.Benchmarks.csproj", "{0D3E9438-A9E7-4194-B06F-B02265C594E0}"
EndProject
Project("{9A19103F-16F7-4668-BE54-9A1E7A4F7556}") = "IT.Serialization.Benchmarks", "benchmarks\IT.Serialization.Benchmarks\IT.Serialization.Benchmarks.csproj", "{B5B0D31E-53B5-4036-9312-D818712EA608}"
EndProject
Project("{9A19103F-16F7-4668-BE54-9A1E7A4F7556}") = "IT.Data.Benchmarks", "benchmarks\IT.Data.Benchmarks\IT.Data.Benchmarks.csproj", "{32B44590-FF9D-466A-8245-39A5BA1064C5}"
EndProject
Project("{9A19103F-16F7-4668-BE54-9A1E7A4F7556}") = "IT.Locking.Tests", "tests\IT.Locking.Tests\IT.Locking.Tests.csproj", "{3F7FBEC7-BDF9-4BF0-BB67-8AED09923A6C}"
EndProject
Project("{9A19103F-16F7-4668-BE54-9A1E7A4F7556}") = "IT.Locking.Benchmarks", "benchmarks\IT.Locking.Benchmarks\IT.Locking.Benchmarks.csproj", "{BDBEACFE-DD57-4D06-9845-FFF653EA4D14}"
EndProject
Project("{9A19103F-16F7-4668-BE54-9A1E7A4F7556}") = "IT.Messaging.Benchmarks", "benchmarks\IT.Messaging.Benchmarks\IT.Messaging.Benchmarks.csproj", "{84E5586F-5AE4-43C4-9816-0A94061C2FEF}"
EndProject
Project("{9A19103F-16F7-4668-BE54-9A1E7A4F7556}") = "IT.Locking.Medallion", "src\IT.Locking.Medallion\IT.Locking.Medallion.csproj", "{12B4291A-A62B-454B-95EF-18A0B037D824}"
EndProject
Project("{9A19103F-16F7-4668-BE54-9A1E7A4F7556}") = "IT.Locking.Consul", "src\IT.Locking.Consul\IT.Locking.Consul.csproj", "{9648395C-1573-41CB-B23F-B28EE7ADA990}"
EndProject
Project("{2150E333-8FDC-42A3-9474-1A3956D46DE8}") = "Id", "Id", "{7958E6C5-686F-49B5-AB29-BA19EDDC9A06}"
EndProject
Project("{2150E333-8FDC-42A3-9474-1A3956D46DE8}") = "System", "System", "{2D3BA35B-06B1-4ACB-8C44-DCA0B92AAB82}"
EndProject
Project("{2150E333-8FDC-42A3-9474-1A3956D46DE8}") = "old", "old", "{F2600457-8D93-4FFC-AE6F-5C008E62067C}"
EndProject
Project("{9A19103F-16F7-4668-BE54-9A1E7A4F7556}") = "IT.Samples", "samples\IT.Samples\IT.Samples.csproj", "{F3E08D50-036F-4F46-B201-C917867B0199}"
EndProject
Project("{9A19103F-16F7-4668-BE54-9A1E7A4F7556}") = "IT.Samples.NET6", "samples\IT.Samples.NET6\IT.Samples.NET6.csproj", "{B22A75F9-F535-46A1-8CAE-8DDC1AAE7462}"
EndProject
Project("{9A19103F-16F7-4668-BE54-9A1E7A4F7556}") = "IT.Text.Benchmarks", "benchmarks\IT.Text.Benchmarks\IT.Text.Benchmarks.csproj", "{90368EAB-D081-431C-8D92-6FC9A1EE6753}"
EndProject
Project("{FAE04EC0-301F-11D3-BF4B-00C04F79EFBC}") = "IT.Encoding", "src\IT.Encoding\IT.Encoding.csproj", "{A8C5847E-31B9-49AD-B837-8BB8E9A4ACA9}"
EndProject
Project("{FAE04EC0-301F-11D3-BF4B-00C04F79EFBC}") = "IT.Compression", "src\IT.Compression\IT.Compression.csproj", "{9233BDA2-4C51-4E07-ACCD-E3BFDFFA03AC}"
EndProject
Project("{2150E333-8FDC-42A3-9474-1A3956D46DE8}") = "Compression", "Compression", "{41EEE3AE-1AE3-4289-A964-59A9B6E7B1AE}"
EndProject
Project("{FAE04EC0-301F-11D3-BF4B-00C04F79EFBC}") = "IT.Compression.LZ4", "src\IT.Compression.LZ4\IT.Compression.LZ4.csproj", "{B50A35A2-A262-462A-ADBE-84E86B775984}"
EndProject
Project("{2150E333-8FDC-42A3-9474-1A3956D46DE8}") = "Encoding", "Encoding", "{2040F77F-08E5-4502-AA10-0A0CF453F4C6}"
EndProject
Project("{FAE04EC0-301F-11D3-BF4B-00C04F79EFBC}") = "IT.Encoding.Benchmarks", "benchmarks\IT.Encoding.Benchmarks\IT.Encoding.Benchmarks.csproj", "{ECA06B39-80CD-4F52-A7C6-B960E9CBF3EE}"
EndProject
Global
	GlobalSection(SolutionConfigurationPlatforms) = preSolution
		Debug|Any CPU = Debug|Any CPU
		Release|Any CPU = Release|Any CPU
	EndGlobalSection
	GlobalSection(ProjectConfigurationPlatforms) = postSolution
		{078C2A6B-B19F-41DA-904E-9529F4EF6D2E}.Debug|Any CPU.ActiveCfg = Debug|Any CPU
		{078C2A6B-B19F-41DA-904E-9529F4EF6D2E}.Debug|Any CPU.Build.0 = Debug|Any CPU
		{078C2A6B-B19F-41DA-904E-9529F4EF6D2E}.Release|Any CPU.ActiveCfg = Release|Any CPU
		{078C2A6B-B19F-41DA-904E-9529F4EF6D2E}.Release|Any CPU.Build.0 = Release|Any CPU
		{E49C8FE1-3022-4120-B7E8-EFF454FF4020}.Debug|Any CPU.ActiveCfg = Debug|Any CPU
		{E49C8FE1-3022-4120-B7E8-EFF454FF4020}.Debug|Any CPU.Build.0 = Debug|Any CPU
		{E49C8FE1-3022-4120-B7E8-EFF454FF4020}.Release|Any CPU.ActiveCfg = Release|Any CPU
		{E49C8FE1-3022-4120-B7E8-EFF454FF4020}.Release|Any CPU.Build.0 = Release|Any CPU
		{FAF7E3E1-D2FC-4B11-9607-2B15EAC193BB}.Debug|Any CPU.ActiveCfg = Debug|Any CPU
		{FAF7E3E1-D2FC-4B11-9607-2B15EAC193BB}.Debug|Any CPU.Build.0 = Debug|Any CPU
		{FAF7E3E1-D2FC-4B11-9607-2B15EAC193BB}.Release|Any CPU.ActiveCfg = Release|Any CPU
		{FAF7E3E1-D2FC-4B11-9607-2B15EAC193BB}.Release|Any CPU.Build.0 = Release|Any CPU
		{4D1FA608-D22D-4568-94A0-0B432504C384}.Debug|Any CPU.ActiveCfg = Debug|Any CPU
		{4D1FA608-D22D-4568-94A0-0B432504C384}.Debug|Any CPU.Build.0 = Debug|Any CPU
		{4D1FA608-D22D-4568-94A0-0B432504C384}.Release|Any CPU.ActiveCfg = Release|Any CPU
		{4D1FA608-D22D-4568-94A0-0B432504C384}.Release|Any CPU.Build.0 = Release|Any CPU
		{8ED688A8-A86B-4679-B71C-EFA0E582108F}.Debug|Any CPU.ActiveCfg = Debug|Any CPU
		{8ED688A8-A86B-4679-B71C-EFA0E582108F}.Debug|Any CPU.Build.0 = Debug|Any CPU
		{8ED688A8-A86B-4679-B71C-EFA0E582108F}.Release|Any CPU.ActiveCfg = Release|Any CPU
		{8ED688A8-A86B-4679-B71C-EFA0E582108F}.Release|Any CPU.Build.0 = Release|Any CPU
		{F8A0E798-B0AC-464C-96B5-AE8C3407E914}.Debug|Any CPU.ActiveCfg = Debug|Any CPU
		{F8A0E798-B0AC-464C-96B5-AE8C3407E914}.Debug|Any CPU.Build.0 = Debug|Any CPU
		{F8A0E798-B0AC-464C-96B5-AE8C3407E914}.Release|Any CPU.ActiveCfg = Release|Any CPU
		{F8A0E798-B0AC-464C-96B5-AE8C3407E914}.Release|Any CPU.Build.0 = Release|Any CPU
		{CCC11834-BF6E-46C7-911F-7933CE906853}.Debug|Any CPU.ActiveCfg = Debug|Any CPU
		{CCC11834-BF6E-46C7-911F-7933CE906853}.Debug|Any CPU.Build.0 = Debug|Any CPU
		{CCC11834-BF6E-46C7-911F-7933CE906853}.Release|Any CPU.ActiveCfg = Release|Any CPU
		{CCC11834-BF6E-46C7-911F-7933CE906853}.Release|Any CPU.Build.0 = Release|Any CPU
		{D24F36D6-4047-4FB9-9F14-710AE30BEE00}.Debug|Any CPU.ActiveCfg = Debug|Any CPU
		{D24F36D6-4047-4FB9-9F14-710AE30BEE00}.Debug|Any CPU.Build.0 = Debug|Any CPU
		{D24F36D6-4047-4FB9-9F14-710AE30BEE00}.Release|Any CPU.ActiveCfg = Release|Any CPU
		{D24F36D6-4047-4FB9-9F14-710AE30BEE00}.Release|Any CPU.Build.0 = Release|Any CPU
		{168EB512-208B-433C-BD9B-B7D02CD4339B}.Debug|Any CPU.ActiveCfg = Debug|Any CPU
		{168EB512-208B-433C-BD9B-B7D02CD4339B}.Debug|Any CPU.Build.0 = Debug|Any CPU
		{168EB512-208B-433C-BD9B-B7D02CD4339B}.Release|Any CPU.ActiveCfg = Release|Any CPU
		{168EB512-208B-433C-BD9B-B7D02CD4339B}.Release|Any CPU.Build.0 = Release|Any CPU
		{D94C4B15-B1DA-422E-AFA8-3E14272DEE8C}.Debug|Any CPU.ActiveCfg = Debug|Any CPU
		{D94C4B15-B1DA-422E-AFA8-3E14272DEE8C}.Debug|Any CPU.Build.0 = Debug|Any CPU
		{D94C4B15-B1DA-422E-AFA8-3E14272DEE8C}.Release|Any CPU.ActiveCfg = Release|Any CPU
		{D94C4B15-B1DA-422E-AFA8-3E14272DEE8C}.Release|Any CPU.Build.0 = Release|Any CPU
		{766116F0-2895-4E03-A9D9-4334F350A88B}.Debug|Any CPU.ActiveCfg = Debug|Any CPU
		{766116F0-2895-4E03-A9D9-4334F350A88B}.Debug|Any CPU.Build.0 = Debug|Any CPU
		{766116F0-2895-4E03-A9D9-4334F350A88B}.Release|Any CPU.ActiveCfg = Release|Any CPU
		{766116F0-2895-4E03-A9D9-4334F350A88B}.Release|Any CPU.Build.0 = Release|Any CPU
		{0A6F4598-8B84-4738-A760-D9AD91348717}.Debug|Any CPU.ActiveCfg = Debug|Any CPU
		{0A6F4598-8B84-4738-A760-D9AD91348717}.Debug|Any CPU.Build.0 = Debug|Any CPU
		{0A6F4598-8B84-4738-A760-D9AD91348717}.Release|Any CPU.ActiveCfg = Release|Any CPU
		{0A6F4598-8B84-4738-A760-D9AD91348717}.Release|Any CPU.Build.0 = Release|Any CPU
		{1ACB49AE-8BAF-4A3E-8BD1-51CEF7D93BB1}.Debug|Any CPU.ActiveCfg = Debug|Any CPU
		{1ACB49AE-8BAF-4A3E-8BD1-51CEF7D93BB1}.Debug|Any CPU.Build.0 = Debug|Any CPU
		{1ACB49AE-8BAF-4A3E-8BD1-51CEF7D93BB1}.Release|Any CPU.ActiveCfg = Release|Any CPU
		{1ACB49AE-8BAF-4A3E-8BD1-51CEF7D93BB1}.Release|Any CPU.Build.0 = Release|Any CPU
		{93DBD3FD-183B-47B9-A608-98A3B99F33A3}.Debug|Any CPU.ActiveCfg = Debug|Any CPU
		{93DBD3FD-183B-47B9-A608-98A3B99F33A3}.Debug|Any CPU.Build.0 = Debug|Any CPU
		{93DBD3FD-183B-47B9-A608-98A3B99F33A3}.Release|Any CPU.ActiveCfg = Release|Any CPU
		{93DBD3FD-183B-47B9-A608-98A3B99F33A3}.Release|Any CPU.Build.0 = Release|Any CPU
		{FC0D5F0C-BFC9-45C3-AC26-337A9FD8A55D}.Debug|Any CPU.ActiveCfg = Debug|Any CPU
		{FC0D5F0C-BFC9-45C3-AC26-337A9FD8A55D}.Debug|Any CPU.Build.0 = Debug|Any CPU
		{FC0D5F0C-BFC9-45C3-AC26-337A9FD8A55D}.Release|Any CPU.ActiveCfg = Release|Any CPU
		{FC0D5F0C-BFC9-45C3-AC26-337A9FD8A55D}.Release|Any CPU.Build.0 = Release|Any CPU
		{A568691F-5C17-4260-ABAB-0271891F8850}.Debug|Any CPU.ActiveCfg = Debug|Any CPU
		{A568691F-5C17-4260-ABAB-0271891F8850}.Debug|Any CPU.Build.0 = Debug|Any CPU
		{A568691F-5C17-4260-ABAB-0271891F8850}.Release|Any CPU.ActiveCfg = Release|Any CPU
		{A568691F-5C17-4260-ABAB-0271891F8850}.Release|Any CPU.Build.0 = Release|Any CPU
		{100A66C7-0A9F-4555-AD3B-EA41B9C5C96D}.Debug|Any CPU.ActiveCfg = Debug|Any CPU
		{100A66C7-0A9F-4555-AD3B-EA41B9C5C96D}.Debug|Any CPU.Build.0 = Debug|Any CPU
		{100A66C7-0A9F-4555-AD3B-EA41B9C5C96D}.Release|Any CPU.ActiveCfg = Release|Any CPU
		{100A66C7-0A9F-4555-AD3B-EA41B9C5C96D}.Release|Any CPU.Build.0 = Release|Any CPU
		{CA389967-24D5-46CB-9576-D83FBDE20C35}.Debug|Any CPU.ActiveCfg = Debug|Any CPU
		{CA389967-24D5-46CB-9576-D83FBDE20C35}.Debug|Any CPU.Build.0 = Debug|Any CPU
		{CA389967-24D5-46CB-9576-D83FBDE20C35}.Release|Any CPU.ActiveCfg = Release|Any CPU
		{CA389967-24D5-46CB-9576-D83FBDE20C35}.Release|Any CPU.Build.0 = Release|Any CPU
		{29A0E2C5-23F9-4E86-933F-5E4E84882F21}.Debug|Any CPU.ActiveCfg = Debug|Any CPU
		{29A0E2C5-23F9-4E86-933F-5E4E84882F21}.Debug|Any CPU.Build.0 = Debug|Any CPU
		{29A0E2C5-23F9-4E86-933F-5E4E84882F21}.Release|Any CPU.ActiveCfg = Release|Any CPU
		{29A0E2C5-23F9-4E86-933F-5E4E84882F21}.Release|Any CPU.Build.0 = Release|Any CPU
		{C6800127-3CE5-48C1-A4C6-D6FDFC7766C2}.Debug|Any CPU.ActiveCfg = Debug|Any CPU
		{C6800127-3CE5-48C1-A4C6-D6FDFC7766C2}.Debug|Any CPU.Build.0 = Debug|Any CPU
		{C6800127-3CE5-48C1-A4C6-D6FDFC7766C2}.Release|Any CPU.ActiveCfg = Release|Any CPU
		{C6800127-3CE5-48C1-A4C6-D6FDFC7766C2}.Release|Any CPU.Build.0 = Release|Any CPU
		{C09CD713-B821-4F22-AA4F-042DF33E82EA}.Debug|Any CPU.ActiveCfg = Debug|Any CPU
		{C09CD713-B821-4F22-AA4F-042DF33E82EA}.Debug|Any CPU.Build.0 = Debug|Any CPU
		{C09CD713-B821-4F22-AA4F-042DF33E82EA}.Release|Any CPU.ActiveCfg = Release|Any CPU
		{C09CD713-B821-4F22-AA4F-042DF33E82EA}.Release|Any CPU.Build.0 = Release|Any CPU
		{A7B9F4CD-9FB3-477E-91EA-A176685474E8}.Debug|Any CPU.ActiveCfg = Debug|Any CPU
		{A7B9F4CD-9FB3-477E-91EA-A176685474E8}.Debug|Any CPU.Build.0 = Debug|Any CPU
		{A7B9F4CD-9FB3-477E-91EA-A176685474E8}.Release|Any CPU.ActiveCfg = Release|Any CPU
		{A7B9F4CD-9FB3-477E-91EA-A176685474E8}.Release|Any CPU.Build.0 = Release|Any CPU
		{2A4234CA-DB3D-48FB-842E-0D056D1699A1}.Debug|Any CPU.ActiveCfg = Debug|Any CPU
		{2A4234CA-DB3D-48FB-842E-0D056D1699A1}.Debug|Any CPU.Build.0 = Debug|Any CPU
		{2A4234CA-DB3D-48FB-842E-0D056D1699A1}.Release|Any CPU.ActiveCfg = Release|Any CPU
		{2A4234CA-DB3D-48FB-842E-0D056D1699A1}.Release|Any CPU.Build.0 = Release|Any CPU
		{F9948CBD-2673-49FD-870C-DF712B80C94B}.Debug|Any CPU.ActiveCfg = Debug|Any CPU
		{F9948CBD-2673-49FD-870C-DF712B80C94B}.Debug|Any CPU.Build.0 = Debug|Any CPU
		{F9948CBD-2673-49FD-870C-DF712B80C94B}.Release|Any CPU.ActiveCfg = Release|Any CPU
		{F9948CBD-2673-49FD-870C-DF712B80C94B}.Release|Any CPU.Build.0 = Release|Any CPU
		{F97E766D-9337-4094-9C1A-E42140F21850}.Debug|Any CPU.ActiveCfg = Debug|Any CPU
		{F97E766D-9337-4094-9C1A-E42140F21850}.Debug|Any CPU.Build.0 = Debug|Any CPU
		{F97E766D-9337-4094-9C1A-E42140F21850}.Release|Any CPU.ActiveCfg = Release|Any CPU
		{F97E766D-9337-4094-9C1A-E42140F21850}.Release|Any CPU.Build.0 = Release|Any CPU
		{04C426A1-E82D-4EE7-AB17-A804BE5A8C80}.Debug|Any CPU.ActiveCfg = Debug|Any CPU
		{04C426A1-E82D-4EE7-AB17-A804BE5A8C80}.Debug|Any CPU.Build.0 = Debug|Any CPU
		{04C426A1-E82D-4EE7-AB17-A804BE5A8C80}.Release|Any CPU.ActiveCfg = Release|Any CPU
		{04C426A1-E82D-4EE7-AB17-A804BE5A8C80}.Release|Any CPU.Build.0 = Release|Any CPU
		{C650C8DB-6E5A-44A9-A450-60FBEA2C90FF}.Debug|Any CPU.ActiveCfg = Debug|Any CPU
		{C650C8DB-6E5A-44A9-A450-60FBEA2C90FF}.Debug|Any CPU.Build.0 = Debug|Any CPU
		{C650C8DB-6E5A-44A9-A450-60FBEA2C90FF}.Release|Any CPU.ActiveCfg = Release|Any CPU
		{C650C8DB-6E5A-44A9-A450-60FBEA2C90FF}.Release|Any CPU.Build.0 = Release|Any CPU
		{A3DA3658-E310-4CFF-8B11-8DCAF02B7607}.Debug|Any CPU.ActiveCfg = Debug|Any CPU
		{A3DA3658-E310-4CFF-8B11-8DCAF02B7607}.Debug|Any CPU.Build.0 = Debug|Any CPU
		{A3DA3658-E310-4CFF-8B11-8DCAF02B7607}.Release|Any CPU.ActiveCfg = Release|Any CPU
		{A3DA3658-E310-4CFF-8B11-8DCAF02B7607}.Release|Any CPU.Build.0 = Release|Any CPU
		{FBA7AB45-DFCC-4D88-8828-9650B916E043}.Debug|Any CPU.ActiveCfg = Debug|Any CPU
		{FBA7AB45-DFCC-4D88-8828-9650B916E043}.Debug|Any CPU.Build.0 = Debug|Any CPU
		{FBA7AB45-DFCC-4D88-8828-9650B916E043}.Release|Any CPU.ActiveCfg = Release|Any CPU
		{FBA7AB45-DFCC-4D88-8828-9650B916E043}.Release|Any CPU.Build.0 = Release|Any CPU
		{2A3BD002-6B0B-4395-9FF2-93CC03FE904D}.Debug|Any CPU.ActiveCfg = Debug|Any CPU
		{2A3BD002-6B0B-4395-9FF2-93CC03FE904D}.Debug|Any CPU.Build.0 = Debug|Any CPU
		{2A3BD002-6B0B-4395-9FF2-93CC03FE904D}.Release|Any CPU.ActiveCfg = Release|Any CPU
		{2A3BD002-6B0B-4395-9FF2-93CC03FE904D}.Release|Any CPU.Build.0 = Release|Any CPU
		{903FC486-24C0-48C4-81E1-8519D55D8098}.Debug|Any CPU.ActiveCfg = Debug|Any CPU
		{903FC486-24C0-48C4-81E1-8519D55D8098}.Debug|Any CPU.Build.0 = Debug|Any CPU
		{903FC486-24C0-48C4-81E1-8519D55D8098}.Release|Any CPU.ActiveCfg = Release|Any CPU
		{903FC486-24C0-48C4-81E1-8519D55D8098}.Release|Any CPU.Build.0 = Release|Any CPU
		{95C3B248-5BA7-4ACD-A684-D603268BAB5E}.Debug|Any CPU.ActiveCfg = Debug|Any CPU
		{95C3B248-5BA7-4ACD-A684-D603268BAB5E}.Debug|Any CPU.Build.0 = Debug|Any CPU
		{95C3B248-5BA7-4ACD-A684-D603268BAB5E}.Release|Any CPU.ActiveCfg = Release|Any CPU
		{95C3B248-5BA7-4ACD-A684-D603268BAB5E}.Release|Any CPU.Build.0 = Release|Any CPU
		{23A25946-0A2A-428A-9D67-E48C062FEBC6}.Debug|Any CPU.ActiveCfg = Debug|Any CPU
		{23A25946-0A2A-428A-9D67-E48C062FEBC6}.Debug|Any CPU.Build.0 = Debug|Any CPU
		{23A25946-0A2A-428A-9D67-E48C062FEBC6}.Release|Any CPU.ActiveCfg = Release|Any CPU
		{23A25946-0A2A-428A-9D67-E48C062FEBC6}.Release|Any CPU.Build.0 = Release|Any CPU
		{A021607D-5CFC-41F4-9E34-B72DE1AF6D0E}.Debug|Any CPU.ActiveCfg = Debug|Any CPU
		{A021607D-5CFC-41F4-9E34-B72DE1AF6D0E}.Debug|Any CPU.Build.0 = Debug|Any CPU
		{A021607D-5CFC-41F4-9E34-B72DE1AF6D0E}.Release|Any CPU.ActiveCfg = Release|Any CPU
		{A021607D-5CFC-41F4-9E34-B72DE1AF6D0E}.Release|Any CPU.Build.0 = Release|Any CPU
		{19AF3ED1-0EFF-4FBF-B832-DD8EEBAD07DB}.Debug|Any CPU.ActiveCfg = Debug|Any CPU
		{19AF3ED1-0EFF-4FBF-B832-DD8EEBAD07DB}.Debug|Any CPU.Build.0 = Debug|Any CPU
		{19AF3ED1-0EFF-4FBF-B832-DD8EEBAD07DB}.Release|Any CPU.ActiveCfg = Release|Any CPU
		{19AF3ED1-0EFF-4FBF-B832-DD8EEBAD07DB}.Release|Any CPU.Build.0 = Release|Any CPU
		{933E7972-6B04-4130-8F0D-5A60AA816AAD}.Debug|Any CPU.ActiveCfg = Debug|Any CPU
		{933E7972-6B04-4130-8F0D-5A60AA816AAD}.Debug|Any CPU.Build.0 = Debug|Any CPU
		{933E7972-6B04-4130-8F0D-5A60AA816AAD}.Release|Any CPU.ActiveCfg = Release|Any CPU
		{933E7972-6B04-4130-8F0D-5A60AA816AAD}.Release|Any CPU.Build.0 = Release|Any CPU
		{6BB27D98-48F4-464C-B5CE-13697A448F24}.Debug|Any CPU.ActiveCfg = Debug|Any CPU
		{6BB27D98-48F4-464C-B5CE-13697A448F24}.Debug|Any CPU.Build.0 = Debug|Any CPU
		{6BB27D98-48F4-464C-B5CE-13697A448F24}.Release|Any CPU.ActiveCfg = Release|Any CPU
		{6BB27D98-48F4-464C-B5CE-13697A448F24}.Release|Any CPU.Build.0 = Release|Any CPU
		{D78E7057-176E-46E5-88B8-9CF26D2B067A}.Debug|Any CPU.ActiveCfg = Debug|Any CPU
		{D78E7057-176E-46E5-88B8-9CF26D2B067A}.Debug|Any CPU.Build.0 = Debug|Any CPU
		{D78E7057-176E-46E5-88B8-9CF26D2B067A}.Release|Any CPU.ActiveCfg = Release|Any CPU
		{D78E7057-176E-46E5-88B8-9CF26D2B067A}.Release|Any CPU.Build.0 = Release|Any CPU
		{4A1C775C-41AE-4A8E-83C2-63F4884B0B62}.Debug|Any CPU.ActiveCfg = Debug|Any CPU
		{4A1C775C-41AE-4A8E-83C2-63F4884B0B62}.Debug|Any CPU.Build.0 = Debug|Any CPU
		{4A1C775C-41AE-4A8E-83C2-63F4884B0B62}.Release|Any CPU.ActiveCfg = Release|Any CPU
		{4A1C775C-41AE-4A8E-83C2-63F4884B0B62}.Release|Any CPU.Build.0 = Release|Any CPU
		{FB36C26B-E71F-4F71-A7DF-8D9F399766B0}.Debug|Any CPU.ActiveCfg = Debug|Any CPU
		{FB36C26B-E71F-4F71-A7DF-8D9F399766B0}.Debug|Any CPU.Build.0 = Debug|Any CPU
		{FB36C26B-E71F-4F71-A7DF-8D9F399766B0}.Release|Any CPU.ActiveCfg = Release|Any CPU
		{FB36C26B-E71F-4F71-A7DF-8D9F399766B0}.Release|Any CPU.Build.0 = Release|Any CPU
		{9C08B367-C962-45EB-9179-A75888085CA2}.Debug|Any CPU.ActiveCfg = Debug|Any CPU
		{9C08B367-C962-45EB-9179-A75888085CA2}.Debug|Any CPU.Build.0 = Debug|Any CPU
		{9C08B367-C962-45EB-9179-A75888085CA2}.Release|Any CPU.ActiveCfg = Release|Any CPU
		{9C08B367-C962-45EB-9179-A75888085CA2}.Release|Any CPU.Build.0 = Release|Any CPU
		{3A522509-7F2E-4616-9972-D1C9E5BA444C}.Debug|Any CPU.ActiveCfg = Debug|Any CPU
		{3A522509-7F2E-4616-9972-D1C9E5BA444C}.Debug|Any CPU.Build.0 = Debug|Any CPU
		{3A522509-7F2E-4616-9972-D1C9E5BA444C}.Release|Any CPU.ActiveCfg = Release|Any CPU
		{3A522509-7F2E-4616-9972-D1C9E5BA444C}.Release|Any CPU.Build.0 = Release|Any CPU
		{1E37AB45-404B-46FB-BEDA-AC5D91E098E3}.Debug|Any CPU.ActiveCfg = Debug|Any CPU
		{1E37AB45-404B-46FB-BEDA-AC5D91E098E3}.Debug|Any CPU.Build.0 = Debug|Any CPU
		{1E37AB45-404B-46FB-BEDA-AC5D91E098E3}.Release|Any CPU.ActiveCfg = Release|Any CPU
		{1E37AB45-404B-46FB-BEDA-AC5D91E098E3}.Release|Any CPU.Build.0 = Release|Any CPU
		{51BD82C6-D17A-4032-92A9-AC2C1ADE73AC}.Debug|Any CPU.ActiveCfg = Debug|Any CPU
		{51BD82C6-D17A-4032-92A9-AC2C1ADE73AC}.Debug|Any CPU.Build.0 = Debug|Any CPU
		{51BD82C6-D17A-4032-92A9-AC2C1ADE73AC}.Release|Any CPU.ActiveCfg = Release|Any CPU
		{51BD82C6-D17A-4032-92A9-AC2C1ADE73AC}.Release|Any CPU.Build.0 = Release|Any CPU
		{2C7167F1-C78A-4540-9C17-D8BC4605E3EC}.Debug|Any CPU.ActiveCfg = Debug|Any CPU
		{2C7167F1-C78A-4540-9C17-D8BC4605E3EC}.Debug|Any CPU.Build.0 = Debug|Any CPU
		{2C7167F1-C78A-4540-9C17-D8BC4605E3EC}.Release|Any CPU.ActiveCfg = Release|Any CPU
		{2C7167F1-C78A-4540-9C17-D8BC4605E3EC}.Release|Any CPU.Build.0 = Release|Any CPU
		{D0571E3D-5747-409B-8820-AC0AD5E9FD18}.Debug|Any CPU.ActiveCfg = Debug|Any CPU
		{D0571E3D-5747-409B-8820-AC0AD5E9FD18}.Debug|Any CPU.Build.0 = Debug|Any CPU
		{D0571E3D-5747-409B-8820-AC0AD5E9FD18}.Release|Any CPU.ActiveCfg = Release|Any CPU
		{D0571E3D-5747-409B-8820-AC0AD5E9FD18}.Release|Any CPU.Build.0 = Release|Any CPU
		{D0DB1E06-F899-40AA-96DD-FE849CE7701E}.Debug|Any CPU.ActiveCfg = Debug|Any CPU
		{D0DB1E06-F899-40AA-96DD-FE849CE7701E}.Debug|Any CPU.Build.0 = Debug|Any CPU
		{D0DB1E06-F899-40AA-96DD-FE849CE7701E}.Release|Any CPU.ActiveCfg = Release|Any CPU
		{D0DB1E06-F899-40AA-96DD-FE849CE7701E}.Release|Any CPU.Build.0 = Release|Any CPU
		{E2AF95A8-82CF-4471-AB2F-0A035410AB36}.Debug|Any CPU.ActiveCfg = Debug|Any CPU
		{E2AF95A8-82CF-4471-AB2F-0A035410AB36}.Debug|Any CPU.Build.0 = Debug|Any CPU
		{E2AF95A8-82CF-4471-AB2F-0A035410AB36}.Release|Any CPU.ActiveCfg = Release|Any CPU
		{E2AF95A8-82CF-4471-AB2F-0A035410AB36}.Release|Any CPU.Build.0 = Release|Any CPU
		{48891606-DD9C-4E8E-9FE9-EB5FAC117034}.Debug|Any CPU.ActiveCfg = Debug|Any CPU
		{48891606-DD9C-4E8E-9FE9-EB5FAC117034}.Debug|Any CPU.Build.0 = Debug|Any CPU
		{48891606-DD9C-4E8E-9FE9-EB5FAC117034}.Release|Any CPU.ActiveCfg = Release|Any CPU
		{48891606-DD9C-4E8E-9FE9-EB5FAC117034}.Release|Any CPU.Build.0 = Release|Any CPU
		{01EFB43C-DA50-4071-A691-A765219A7323}.Debug|Any CPU.ActiveCfg = Debug|Any CPU
		{01EFB43C-DA50-4071-A691-A765219A7323}.Debug|Any CPU.Build.0 = Debug|Any CPU
		{01EFB43C-DA50-4071-A691-A765219A7323}.Release|Any CPU.ActiveCfg = Release|Any CPU
		{01EFB43C-DA50-4071-A691-A765219A7323}.Release|Any CPU.Build.0 = Release|Any CPU
		{0D3E9438-A9E7-4194-B06F-B02265C594E0}.Debug|Any CPU.ActiveCfg = Debug|Any CPU
		{0D3E9438-A9E7-4194-B06F-B02265C594E0}.Debug|Any CPU.Build.0 = Debug|Any CPU
		{0D3E9438-A9E7-4194-B06F-B02265C594E0}.Release|Any CPU.ActiveCfg = Release|Any CPU
		{0D3E9438-A9E7-4194-B06F-B02265C594E0}.Release|Any CPU.Build.0 = Release|Any CPU
		{B5B0D31E-53B5-4036-9312-D818712EA608}.Debug|Any CPU.ActiveCfg = Debug|Any CPU
		{B5B0D31E-53B5-4036-9312-D818712EA608}.Debug|Any CPU.Build.0 = Debug|Any CPU
		{B5B0D31E-53B5-4036-9312-D818712EA608}.Release|Any CPU.ActiveCfg = Release|Any CPU
		{B5B0D31E-53B5-4036-9312-D818712EA608}.Release|Any CPU.Build.0 = Release|Any CPU
		{32B44590-FF9D-466A-8245-39A5BA1064C5}.Debug|Any CPU.ActiveCfg = Debug|Any CPU
		{32B44590-FF9D-466A-8245-39A5BA1064C5}.Debug|Any CPU.Build.0 = Debug|Any CPU
		{32B44590-FF9D-466A-8245-39A5BA1064C5}.Release|Any CPU.ActiveCfg = Release|Any CPU
		{32B44590-FF9D-466A-8245-39A5BA1064C5}.Release|Any CPU.Build.0 = Release|Any CPU
		{3F7FBEC7-BDF9-4BF0-BB67-8AED09923A6C}.Debug|Any CPU.ActiveCfg = Debug|Any CPU
		{3F7FBEC7-BDF9-4BF0-BB67-8AED09923A6C}.Debug|Any CPU.Build.0 = Debug|Any CPU
		{3F7FBEC7-BDF9-4BF0-BB67-8AED09923A6C}.Release|Any CPU.ActiveCfg = Release|Any CPU
		{3F7FBEC7-BDF9-4BF0-BB67-8AED09923A6C}.Release|Any CPU.Build.0 = Release|Any CPU
		{BDBEACFE-DD57-4D06-9845-FFF653EA4D14}.Debug|Any CPU.ActiveCfg = Debug|Any CPU
		{BDBEACFE-DD57-4D06-9845-FFF653EA4D14}.Debug|Any CPU.Build.0 = Debug|Any CPU
		{BDBEACFE-DD57-4D06-9845-FFF653EA4D14}.Release|Any CPU.ActiveCfg = Release|Any CPU
		{BDBEACFE-DD57-4D06-9845-FFF653EA4D14}.Release|Any CPU.Build.0 = Release|Any CPU
		{84E5586F-5AE4-43C4-9816-0A94061C2FEF}.Debug|Any CPU.ActiveCfg = Debug|Any CPU
		{84E5586F-5AE4-43C4-9816-0A94061C2FEF}.Debug|Any CPU.Build.0 = Debug|Any CPU
		{84E5586F-5AE4-43C4-9816-0A94061C2FEF}.Release|Any CPU.ActiveCfg = Release|Any CPU
		{84E5586F-5AE4-43C4-9816-0A94061C2FEF}.Release|Any CPU.Build.0 = Release|Any CPU
		{12B4291A-A62B-454B-95EF-18A0B037D824}.Debug|Any CPU.ActiveCfg = Debug|Any CPU
		{12B4291A-A62B-454B-95EF-18A0B037D824}.Debug|Any CPU.Build.0 = Debug|Any CPU
		{12B4291A-A62B-454B-95EF-18A0B037D824}.Release|Any CPU.ActiveCfg = Release|Any CPU
		{12B4291A-A62B-454B-95EF-18A0B037D824}.Release|Any CPU.Build.0 = Release|Any CPU
		{9648395C-1573-41CB-B23F-B28EE7ADA990}.Debug|Any CPU.ActiveCfg = Debug|Any CPU
		{9648395C-1573-41CB-B23F-B28EE7ADA990}.Debug|Any CPU.Build.0 = Debug|Any CPU
		{9648395C-1573-41CB-B23F-B28EE7ADA990}.Release|Any CPU.ActiveCfg = Release|Any CPU
		{9648395C-1573-41CB-B23F-B28EE7ADA990}.Release|Any CPU.Build.0 = Release|Any CPU
		{F3E08D50-036F-4F46-B201-C917867B0199}.Debug|Any CPU.ActiveCfg = Debug|Any CPU
		{F3E08D50-036F-4F46-B201-C917867B0199}.Debug|Any CPU.Build.0 = Debug|Any CPU
		{F3E08D50-036F-4F46-B201-C917867B0199}.Release|Any CPU.ActiveCfg = Release|Any CPU
		{F3E08D50-036F-4F46-B201-C917867B0199}.Release|Any CPU.Build.0 = Release|Any CPU
		{B22A75F9-F535-46A1-8CAE-8DDC1AAE7462}.Debug|Any CPU.ActiveCfg = Debug|Any CPU
		{B22A75F9-F535-46A1-8CAE-8DDC1AAE7462}.Debug|Any CPU.Build.0 = Debug|Any CPU
		{B22A75F9-F535-46A1-8CAE-8DDC1AAE7462}.Release|Any CPU.ActiveCfg = Release|Any CPU
		{B22A75F9-F535-46A1-8CAE-8DDC1AAE7462}.Release|Any CPU.Build.0 = Release|Any CPU
		{90368EAB-D081-431C-8D92-6FC9A1EE6753}.Debug|Any CPU.ActiveCfg = Debug|Any CPU
		{90368EAB-D081-431C-8D92-6FC9A1EE6753}.Debug|Any CPU.Build.0 = Debug|Any CPU
		{90368EAB-D081-431C-8D92-6FC9A1EE6753}.Release|Any CPU.ActiveCfg = Release|Any CPU
		{90368EAB-D081-431C-8D92-6FC9A1EE6753}.Release|Any CPU.Build.0 = Release|Any CPU
		{A8C5847E-31B9-49AD-B837-8BB8E9A4ACA9}.Debug|Any CPU.ActiveCfg = Debug|Any CPU
		{A8C5847E-31B9-49AD-B837-8BB8E9A4ACA9}.Debug|Any CPU.Build.0 = Debug|Any CPU
		{A8C5847E-31B9-49AD-B837-8BB8E9A4ACA9}.Release|Any CPU.ActiveCfg = Release|Any CPU
		{A8C5847E-31B9-49AD-B837-8BB8E9A4ACA9}.Release|Any CPU.Build.0 = Release|Any CPU
		{9233BDA2-4C51-4E07-ACCD-E3BFDFFA03AC}.Debug|Any CPU.ActiveCfg = Debug|Any CPU
		{9233BDA2-4C51-4E07-ACCD-E3BFDFFA03AC}.Debug|Any CPU.Build.0 = Debug|Any CPU
		{9233BDA2-4C51-4E07-ACCD-E3BFDFFA03AC}.Release|Any CPU.ActiveCfg = Release|Any CPU
		{9233BDA2-4C51-4E07-ACCD-E3BFDFFA03AC}.Release|Any CPU.Build.0 = Release|Any CPU
		{B50A35A2-A262-462A-ADBE-84E86B775984}.Debug|Any CPU.ActiveCfg = Debug|Any CPU
		{B50A35A2-A262-462A-ADBE-84E86B775984}.Debug|Any CPU.Build.0 = Debug|Any CPU
		{B50A35A2-A262-462A-ADBE-84E86B775984}.Release|Any CPU.ActiveCfg = Release|Any CPU
		{B50A35A2-A262-462A-ADBE-84E86B775984}.Release|Any CPU.Build.0 = Release|Any CPU
		{ECA06B39-80CD-4F52-A7C6-B960E9CBF3EE}.Debug|Any CPU.ActiveCfg = Debug|Any CPU
		{ECA06B39-80CD-4F52-A7C6-B960E9CBF3EE}.Debug|Any CPU.Build.0 = Debug|Any CPU
		{ECA06B39-80CD-4F52-A7C6-B960E9CBF3EE}.Release|Any CPU.ActiveCfg = Release|Any CPU
		{ECA06B39-80CD-4F52-A7C6-B960E9CBF3EE}.Release|Any CPU.Build.0 = Release|Any CPU
	EndGlobalSection
	GlobalSection(SolutionProperties) = preSolution
		HideSolutionNode = FALSE
	EndGlobalSection
	GlobalSection(NestedProjects) = preSolution
		{078C2A6B-B19F-41DA-904E-9529F4EF6D2E} = {F2600457-8D93-4FFC-AE6F-5C008E62067C}
		{E49C8FE1-3022-4120-B7E8-EFF454FF4020} = {E081CF0B-E3B5-469B-8CA2-FF1CAA9FB58D}
		{FAF7E3E1-D2FC-4B11-9607-2B15EAC193BB} = {E081CF0B-E3B5-469B-8CA2-FF1CAA9FB58D}
		{4D1FA608-D22D-4568-94A0-0B432504C384} = {AF69E957-7FC7-4A54-BC4F-C83CCA4C5DD4}
		{8ED688A8-A86B-4679-B71C-EFA0E582108F} = {AF69E957-7FC7-4A54-BC4F-C83CCA4C5DD4}
		{F8A0E798-B0AC-464C-96B5-AE8C3407E914} = {AF69E957-7FC7-4A54-BC4F-C83CCA4C5DD4}
		{CCC11834-BF6E-46C7-911F-7933CE906853} = {F2600457-8D93-4FFC-AE6F-5C008E62067C}
		{D24F36D6-4047-4FB9-9F14-710AE30BEE00} = {AF69E957-7FC7-4A54-BC4F-C83CCA4C5DD4}
		{168EB512-208B-433C-BD9B-B7D02CD4339B} = {DA921E0C-574D-4720-984E-8CD2B9CA77B0}
		{D94C4B15-B1DA-422E-AFA8-3E14272DEE8C} = {DA921E0C-574D-4720-984E-8CD2B9CA77B0}
		{766116F0-2895-4E03-A9D9-4334F350A88B} = {B31F5C5B-139A-4F92-BD73-26E3DABDF773}
		{0A6F4598-8B84-4738-A760-D9AD91348717} = {00DD295E-76A1-4747-AEF2-52863817EC78}
		{1ACB49AE-8BAF-4A3E-8BD1-51CEF7D93BB1} = {650C0F0B-D687-44D9-A455-85EDEE5AA8E4}
		{93DBD3FD-183B-47B9-A608-98A3B99F33A3} = {650C0F0B-D687-44D9-A455-85EDEE5AA8E4}
		{FC0D5F0C-BFC9-45C3-AC26-337A9FD8A55D} = {E2B76CE3-F6B2-464B-AD83-A091DB70C321}
		{A568691F-5C17-4260-ABAB-0271891F8850} = {E2B76CE3-F6B2-464B-AD83-A091DB70C321}
		{100A66C7-0A9F-4555-AD3B-EA41B9C5C96D} = {E2B76CE3-F6B2-464B-AD83-A091DB70C321}
		{CA389967-24D5-46CB-9576-D83FBDE20C35} = {E2B76CE3-F6B2-464B-AD83-A091DB70C321}
		{29A0E2C5-23F9-4E86-933F-5E4E84882F21} = {B313AAE1-DED3-46AE-B19A-71CCC0C0E2B6}
		{C6800127-3CE5-48C1-A4C6-D6FDFC7766C2} = {B313AAE1-DED3-46AE-B19A-71CCC0C0E2B6}
		{C09CD713-B821-4F22-AA4F-042DF33E82EA} = {B313AAE1-DED3-46AE-B19A-71CCC0C0E2B6}
		{A7B9F4CD-9FB3-477E-91EA-A176685474E8} = {B313AAE1-DED3-46AE-B19A-71CCC0C0E2B6}
		{2A4234CA-DB3D-48FB-842E-0D056D1699A1} = {B31F5C5B-139A-4F92-BD73-26E3DABDF773}
		{F9948CBD-2673-49FD-870C-DF712B80C94B} = {B313AAE1-DED3-46AE-B19A-71CCC0C0E2B6}
		{F97E766D-9337-4094-9C1A-E42140F21850} = {E804FD67-3393-4D7C-9B1E-B2BA46BF69F3}
		{04C426A1-E82D-4EE7-AB17-A804BE5A8C80} = {E804FD67-3393-4D7C-9B1E-B2BA46BF69F3}
		{C650C8DB-6E5A-44A9-A450-60FBEA2C90FF} = {E081CF0B-E3B5-469B-8CA2-FF1CAA9FB58D}
		{A3DA3658-E310-4CFF-8B11-8DCAF02B7607} = {7958E6C5-686F-49B5-AB29-BA19EDDC9A06}
		{FBA7AB45-DFCC-4D88-8828-9650B916E043} = {E804FD67-3393-4D7C-9B1E-B2BA46BF69F3}
		{2A3BD002-6B0B-4395-9FF2-93CC03FE904D} = {E4BE5E95-DFBC-43A8-BD99-322FE797B2C2}
		{903FC486-24C0-48C4-81E1-8519D55D8098} = {D3FFCD4A-8A92-42ED-9A66-EA03689767DA}
		{95C3B248-5BA7-4ACD-A684-D603268BAB5E} = {2D3BA35B-06B1-4ACB-8C44-DCA0B92AAB82}
		{23A25946-0A2A-428A-9D67-E48C062FEBC6} = {2D3BA35B-06B1-4ACB-8C44-DCA0B92AAB82}
		{A021607D-5CFC-41F4-9E34-B72DE1AF6D0E} = {AF69E957-7FC7-4A54-BC4F-C83CCA4C5DD4}
		{19AF3ED1-0EFF-4FBF-B832-DD8EEBAD07DB} = {B31F5C5B-139A-4F92-BD73-26E3DABDF773}
		{933E7972-6B04-4130-8F0D-5A60AA816AAD} = {E2B76CE3-F6B2-464B-AD83-A091DB70C321}
		{6BB27D98-48F4-464C-B5CE-13697A448F24} = {E804FD67-3393-4D7C-9B1E-B2BA46BF69F3}
		{D78E7057-176E-46E5-88B8-9CF26D2B067A} = {B313AAE1-DED3-46AE-B19A-71CCC0C0E2B6}
		{4A1C775C-41AE-4A8E-83C2-63F4884B0B62} = {D3FFCD4A-8A92-42ED-9A66-EA03689767DA}
		{FB36C26B-E71F-4F71-A7DF-8D9F399766B0} = {2D3BA35B-06B1-4ACB-8C44-DCA0B92AAB82}
		{9C08B367-C962-45EB-9179-A75888085CA2} = {DA921E0C-574D-4720-984E-8CD2B9CA77B0}
		{3A522509-7F2E-4616-9972-D1C9E5BA444C} = {DA921E0C-574D-4720-984E-8CD2B9CA77B0}
		{1E37AB45-404B-46FB-BEDA-AC5D91E098E3} = {DA921E0C-574D-4720-984E-8CD2B9CA77B0}
		{51BD82C6-D17A-4032-92A9-AC2C1ADE73AC} = {DA921E0C-574D-4720-984E-8CD2B9CA77B0}
		{2C7167F1-C78A-4540-9C17-D8BC4605E3EC} = {DA921E0C-574D-4720-984E-8CD2B9CA77B0}
		{D0571E3D-5747-409B-8820-AC0AD5E9FD18} = {DA921E0C-574D-4720-984E-8CD2B9CA77B0}
		{D0DB1E06-F899-40AA-96DD-FE849CE7701E} = {00DD295E-76A1-4747-AEF2-52863817EC78}
		{E2AF95A8-82CF-4471-AB2F-0A035410AB36} = {00DD295E-76A1-4747-AEF2-52863817EC78}
		{48891606-DD9C-4E8E-9FE9-EB5FAC117034} = {DA921E0C-574D-4720-984E-8CD2B9CA77B0}
		{01EFB43C-DA50-4071-A691-A765219A7323} = {00DD295E-76A1-4747-AEF2-52863817EC78}
		{0D3E9438-A9E7-4194-B06F-B02265C594E0} = {00DD295E-76A1-4747-AEF2-52863817EC78}
		{B5B0D31E-53B5-4036-9312-D818712EA608} = {AF69E957-7FC7-4A54-BC4F-C83CCA4C5DD4}
		{32B44590-FF9D-466A-8245-39A5BA1064C5} = {E2B76CE3-F6B2-464B-AD83-A091DB70C321}
		{3F7FBEC7-BDF9-4BF0-BB67-8AED09923A6C} = {E081CF0B-E3B5-469B-8CA2-FF1CAA9FB58D}
		{BDBEACFE-DD57-4D06-9845-FFF653EA4D14} = {E081CF0B-E3B5-469B-8CA2-FF1CAA9FB58D}
		{84E5586F-5AE4-43C4-9816-0A94061C2FEF} = {DA921E0C-574D-4720-984E-8CD2B9CA77B0}
		{12B4291A-A62B-454B-95EF-18A0B037D824} = {E081CF0B-E3B5-469B-8CA2-FF1CAA9FB58D}
		{9648395C-1573-41CB-B23F-B28EE7ADA990} = {E081CF0B-E3B5-469B-8CA2-FF1CAA9FB58D}
		{F3E08D50-036F-4F46-B201-C917867B0199} = {2D3BA35B-06B1-4ACB-8C44-DCA0B92AAB82}
		{B22A75F9-F535-46A1-8CAE-8DDC1AAE7462} = {2D3BA35B-06B1-4ACB-8C44-DCA0B92AAB82}
		{90368EAB-D081-431C-8D92-6FC9A1EE6753} = {D3FFCD4A-8A92-42ED-9A66-EA03689767DA}
		{A8C5847E-31B9-49AD-B837-8BB8E9A4ACA9} = {2040F77F-08E5-4502-AA10-0A0CF453F4C6}
		{9233BDA2-4C51-4E07-ACCD-E3BFDFFA03AC} = {41EEE3AE-1AE3-4289-A964-59A9B6E7B1AE}
		{B50A35A2-A262-462A-ADBE-84E86B775984} = {41EEE3AE-1AE3-4289-A964-59A9B6E7B1AE}
		{ECA06B39-80CD-4F52-A7C6-B960E9CBF3EE} = {2040F77F-08E5-4502-AA10-0A0CF453F4C6}
	EndGlobalSection
	GlobalSection(ExtensibilityGlobals) = postSolution
		SolutionGuid = {E61A39C8-7FE8-4292-A237-B5DBE7E0E57C}
	EndGlobalSection
EndGlobal
