
Microsoft Visual Studio Solution File, Format Version 12.00
# Visual Studio Version 17
VisualStudioVersion = 17.0.32112.339
MinimumVisualStudioVersion = 10.0.40219.1
Project("{9A19103F-16F7-4668-BE54-9A1E7A4F7556}") = "IT.Bcl", "src\IT.Bcl\IT.Bcl.csproj", "{078C2A6B-B19F-41DA-904E-9529F4EF6D2E}"
EndProject
Project("{9A19103F-16F7-4668-BE54-9A1E7A4F7556}") = "IT.Memory", "src\IT.Memory\IT.Memory.csproj", "{CCC11834-BF6E-46C7-911F-7933CE906853}"
EndProject
Project("{9A19103F-16F7-4668-BE54-9A1E7A4F7556}") = "IT.PubSub", "src\IT.PubSub\IT.PubSub.csproj", "{168EB512-208B-433C-BD9B-B7D02CD4339B}"
EndProject
Project("{9A19103F-16F7-4668-BE54-9A1E7A4F7556}") = "IT.PubSub.Redis", "src\IT.PubSub.Redis\IT.PubSub.Redis.csproj", "{D94C4B15-B1DA-422E-AFA8-3E14272DEE8C}"
EndProject
Project("{9A19103F-16F7-4668-BE54-9A1E7A4F7556}") = "IT.Generation", "src\IT.Generation\IT.Generation.csproj", "{766116F0-2895-4E03-A9D9-4334F350A88B}"
EndProject
Project("{9A19103F-16F7-4668-BE54-9A1E7A4F7556}") = "IT.Working", "src\IT.Working\IT.Working.csproj", "{1ACB49AE-8BAF-4A3E-8BD1-51CEF7D93BB1}"
EndProject
Project("{9A19103F-16F7-4668-BE54-9A1E7A4F7556}") = "IT.Working.Redis", "src\IT.Working.Redis\IT.Working.Redis.csproj", "{93DBD3FD-183B-47B9-A608-98A3B99F33A3}"
EndProject
Project("{9A19103F-16F7-4668-BE54-9A1E7A4F7556}") = "IT.Security.Cryptography.Xml", "src\IT.Security.Cryptography.Xml\IT.Security.Cryptography.Xml.csproj", "{29A0E2C5-23F9-4E86-933F-5E4E84882F21}"
EndProject
Project("{9A19103F-16F7-4668-BE54-9A1E7A4F7556}") = "IT.Security.Cryptography", "src\IT.Security.Cryptography\IT.Security.Cryptography.csproj", "{C6800127-3CE5-48C1-A4C6-D6FDFC7766C2}"
EndProject
Project("{9A19103F-16F7-4668-BE54-9A1E7A4F7556}") = "IT.Security.Cryptography.Gost", "src\IT.Security.Cryptography.Gost\IT.Security.Cryptography.Gost.csproj", "{C09CD713-B821-4F22-AA4F-042DF33E82EA}"
EndProject
Project("{9A19103F-16F7-4668-BE54-9A1E7A4F7556}") = "IT.Security.Cryptography.JinnServer", "src\IT.Security.Cryptography.JinnServer\IT.Security.Cryptography.JinnServer.csproj", "{A7B9F4CD-9FB3-477E-91EA-A176685474E8}"
EndProject
Project("{9A19103F-16F7-4668-BE54-9A1E7A4F7556}") = "IT.Generation.KGySoft", "src\IT.Generation.KGySoft\IT.Generation.KGySoft.csproj", "{2A4234CA-DB3D-48FB-842E-0D056D1699A1}"
EndProject
Project("{9A19103F-16F7-4668-BE54-9A1E7A4F7556}") = "IT.Security.Cryptography.BouncyCastle", "src\IT.Security.Cryptography.BouncyCastle\IT.Security.Cryptography.BouncyCastle.csproj", "{F9948CBD-2673-49FD-870C-DF712B80C94B}"
EndProject
Project("{9A19103F-16F7-4668-BE54-9A1E7A4F7556}") = "IT.Pdf", "src\IT.Pdf\IT.Pdf.csproj", "{F97E766D-9337-4094-9C1A-E42140F21850}"
EndProject
Project("{9A19103F-16F7-4668-BE54-9A1E7A4F7556}") = "IT.Pdf.PDFSharp", "src\IT.Pdf.PDFSharp\IT.Pdf.PDFSharp.csproj", "{04C426A1-E82D-4EE7-AB17-A804BE5A8C80}"
EndProject
Project("{9A19103F-16F7-4668-BE54-9A1E7A4F7556}") = "IT.Pdf.DinkToPdf", "src\IT.Pdf.DinkToPdf\IT.Pdf.DinkToPdf.csproj", "{FBA7AB45-DFCC-4D88-8828-9650B916E043}"
EndProject
Project("{9A19103F-16F7-4668-BE54-9A1E7A4F7556}") = "IT.Text", "src\IT.Text\IT.Text.csproj", "{903FC486-24C0-48C4-81E1-8519D55D8098}"
EndProject
Project("{9A19103F-16F7-4668-BE54-9A1E7A4F7556}") = "IT", "src\IT\IT.csproj", "{95C3B248-5BA7-4ACD-A684-D603268BAB5E}"
EndProject
Project("{9A19103F-16F7-4668-BE54-9A1E7A4F7556}") = "IT.Benchmarks", "benchmarks\IT.Benchmarks\IT.Benchmarks.csproj", "{23A25946-0A2A-428A-9D67-E48C062FEBC6}"
EndProject
Project("{2150E333-8FDC-42A3-9474-1A3956D46DE8}") = "Cryptography", "Cryptography", "{B313AAE1-DED3-46AE-B19A-71CCC0C0E2B6}"
EndProject
Project("{2150E333-8FDC-42A3-9474-1A3956D46DE8}") = "Generation", "Generation", "{B31F5C5B-139A-4F92-BD73-26E3DABDF773}"
EndProject
Project("{2150E333-8FDC-42A3-9474-1A3956D46DE8}") = "Pdf", "Pdf", "{E804FD67-3393-4D7C-9B1E-B2BA46BF69F3}"
EndProject
Project("{9A19103F-16F7-4668-BE54-9A1E7A4F7556}") = "IT.Generation.Tests", "tests\IT.Generation.Tests\IT.Generation.Tests.csproj", "{19AF3ED1-0EFF-4FBF-B832-DD8EEBAD07DB}"
EndProject
Project("{2150E333-8FDC-42A3-9474-1A3956D46DE8}") = "Working", "Working", "{650C0F0B-D687-44D9-A455-85EDEE5AA8E4}"
EndProject
Project("{2150E333-8FDC-42A3-9474-1A3956D46DE8}") = "Text", "Text", "{D3FFCD4A-8A92-42ED-9A66-EA03689767DA}"
EndProject
Project("{9A19103F-16F7-4668-BE54-9A1E7A4F7556}") = "IT.Pdf.Tests", "tests\IT.Pdf.Tests\IT.Pdf.Tests.csproj", "{6BB27D98-48F4-464C-B5CE-13697A448F24}"
EndProject
Project("{9A19103F-16F7-4668-BE54-9A1E7A4F7556}") = "IT.Security.Cryptography.Tests", "tests\IT.Security.Cryptography.Tests\IT.Security.Cryptography.Tests.csproj", "{D78E7057-176E-46E5-88B8-9CF26D2B067A}"
EndProject
Project("{9A19103F-16F7-4668-BE54-9A1E7A4F7556}") = "IT.Text.Tests", "tests\IT.Text.Tests\IT.Text.Tests.csproj", "{4A1C775C-41AE-4A8E-83C2-63F4884B0B62}"
EndProject
Project("{9A19103F-16F7-4668-BE54-9A1E7A4F7556}") = "IT.Tests", "tests\IT.Tests\IT.Tests.csproj", "{FB36C26B-E71F-4F71-A7DF-8D9F399766B0}"
EndProject
Project("{2150E333-8FDC-42A3-9474-1A3956D46DE8}") = "System", "System", "{2D3BA35B-06B1-4ACB-8C44-DCA0B92AAB82}"
EndProject
Project("{2150E333-8FDC-42A3-9474-1A3956D46DE8}") = "old", "old", "{F2600457-8D93-4FFC-AE6F-5C008E62067C}"
EndProject
Project("{9A19103F-16F7-4668-BE54-9A1E7A4F7556}") = "IT.Samples", "samples\IT.Samples\IT.Samples.csproj", "{F3E08D50-036F-4F46-B201-C917867B0199}"
EndProject
Project("{9A19103F-16F7-4668-BE54-9A1E7A4F7556}") = "IT.Samples.NET6", "samples\IT.Samples.NET6\IT.Samples.NET6.csproj", "{B22A75F9-F535-46A1-8CAE-8DDC1AAE7462}"
EndProject
Project("{9A19103F-16F7-4668-BE54-9A1E7A4F7556}") = "IT.Text.Benchmarks", "benchmarks\IT.Text.Benchmarks\IT.Text.Benchmarks.csproj", "{90368EAB-D081-431C-8D92-6FC9A1EE6753}"
EndProject
Project("{9A19103F-16F7-4668-BE54-9A1E7A4F7556}") = "IT.Encoding", "src\IT.Encoding\IT.Encoding.csproj", "{A8C5847E-31B9-49AD-B837-8BB8E9A4ACA9}"
EndProject
Project("{9A19103F-16F7-4668-BE54-9A1E7A4F7556}") = "IT.Compression", "src\IT.Compression\IT.Compression.csproj", "{9233BDA2-4C51-4E07-ACCD-E3BFDFFA03AC}"
EndProject
Project("{2150E333-8FDC-42A3-9474-1A3956D46DE8}") = "Compression", "Compression", "{41EEE3AE-1AE3-4289-A964-59A9B6E7B1AE}"
EndProject
Project("{9A19103F-16F7-4668-BE54-9A1E7A4F7556}") = "IT.Compression.LZ4", "src\IT.Compression.LZ4\IT.Compression.LZ4.csproj", "{B50A35A2-A262-462A-ADBE-84E86B775984}"
EndProject
Project("{2150E333-8FDC-42A3-9474-1A3956D46DE8}") = "Encoding", "Encoding", "{2040F77F-08E5-4502-AA10-0A0CF453F4C6}"
EndProject
Project("{9A19103F-16F7-4668-BE54-9A1E7A4F7556}") = "IT.Encoding.Benchmarks", "benchmarks\IT.Encoding.Benchmarks\IT.Encoding.Benchmarks.csproj", "{ECA06B39-80CD-4F52-A7C6-B960E9CBF3EE}"
EndProject
Project("{9A19103F-16F7-4668-BE54-9A1E7A4F7556}") = "IT.Encoding.Base", "src\IT.Encoding.Base\IT.Encoding.Base.csproj", "{23235120-17DE-423B-9424-F0770A9A29FD}"
EndProject
Project("{2150E333-8FDC-42A3-9474-1A3956D46DE8}") = "Hashing", "Hashing", "{380D1DAB-1D98-4E38-9818-C8712A99BC4E}"
EndProject
Project("{9A19103F-16F7-4668-BE54-9A1E7A4F7556}") = "IT.Hashing", "src\IT.Hashing\IT.Hashing.csproj", "{05BF667B-8F8A-476C-806D-4EA2C140E2E9}"
EndProject
Project("{9A19103F-16F7-4668-BE54-9A1E7A4F7556}") = "IT.Xsl.Transformer", "util\IT.Xsl.Transformer\IT.Xsl.Transformer.csproj", "{230F47A4-469C-44F8-97D7-3D55037E4A69}"
EndProject
Project("{9A19103F-16F7-4668-BE54-9A1E7A4F7556}") = "IT.Working.Tests", "tests\IT.Working.Tests\IT.Working.Tests.csproj", "{0E3EA6E1-0575-4DBB-9886-00B7E4941F96}"
EndProject
Project("{9A19103F-16F7-4668-BE54-9A1E7A4F7556}") = "IT.Encoding.Tests", "tests\IT.Encoding.Tests\IT.Encoding.Tests.csproj", "{4ADF1156-DCB9-4410-AB65-F0BEADD7256B}"
EndProject
Project("{9A19103F-16F7-4668-BE54-9A1E7A4F7556}") = "IT.Encoding.Web", "src\IT.Encoding.Web\IT.Encoding.Web.csproj", "{3C1CB2A9-57E1-466E-AA6F-5576C3E34B46}"
EndProject
Project("{9A19103F-16F7-4668-BE54-9A1E7A4F7556}") = "IT.Hashing.Tests", "tests\IT.Hashing.Tests\IT.Hashing.Tests.csproj", "{24CE07B3-5AA1-4A9F-92F1-A092027ADDD9}"
EndProject
Project("{9A19103F-16F7-4668-BE54-9A1E7A4F7556}") = "IT.Hashing.Gost", "src\IT.Hashing.Gost\IT.Hashing.Gost.csproj", "{AF841D50-080F-4E67-90A2-FBA036A38358}"
EndProject
Project("{9A19103F-16F7-4668-BE54-9A1E7A4F7556}") = "IT.Hashing.Benchmarks", "benchmarks\IT.Hashing.Benchmarks\IT.Hashing.Benchmarks.csproj", "{8550D7E4-463C-4E76-889C-A39FB95689AB}"
EndProject
Project("{2150E333-8FDC-42A3-9474-1A3956D46DE8}") = "util", "util", "{BC6CAC59-E6DF-4D53-9A12-20D6212ED957}"
EndProject
Project("{9A19103F-16F7-4668-BE54-9A1E7A4F7556}") = "IT.Security.Cryptography.SignVerifier", "util\IT.Security.Cryptography.SignVerifier\IT.Security.Cryptography.SignVerifier.csproj", "{C9333839-4A1C-4992-B83B-97AC3899DE09}"
EndProject
Global
	GlobalSection(SolutionConfigurationPlatforms) = preSolution
		Debug|Any CPU = Debug|Any CPU
		Release|Any CPU = Release|Any CPU
	EndGlobalSection
	GlobalSection(ProjectConfigurationPlatforms) = postSolution
		{078C2A6B-B19F-41DA-904E-9529F4EF6D2E}.Debug|Any CPU.ActiveCfg = Debug|Any CPU
		{078C2A6B-B19F-41DA-904E-9529F4EF6D2E}.Debug|Any CPU.Build.0 = Debug|Any CPU
		{078C2A6B-B19F-41DA-904E-9529F4EF6D2E}.Release|Any CPU.ActiveCfg = Release|Any CPU
		{078C2A6B-B19F-41DA-904E-9529F4EF6D2E}.Release|Any CPU.Build.0 = Release|Any CPU
		{CCC11834-BF6E-46C7-911F-7933CE906853}.Debug|Any CPU.ActiveCfg = Debug|Any CPU
		{CCC11834-BF6E-46C7-911F-7933CE906853}.Debug|Any CPU.Build.0 = Debug|Any CPU
		{CCC11834-BF6E-46C7-911F-7933CE906853}.Release|Any CPU.ActiveCfg = Release|Any CPU
		{CCC11834-BF6E-46C7-911F-7933CE906853}.Release|Any CPU.Build.0 = Release|Any CPU
		{168EB512-208B-433C-BD9B-B7D02CD4339B}.Debug|Any CPU.ActiveCfg = Debug|Any CPU
		{168EB512-208B-433C-BD9B-B7D02CD4339B}.Debug|Any CPU.Build.0 = Debug|Any CPU
		{168EB512-208B-433C-BD9B-B7D02CD4339B}.Release|Any CPU.ActiveCfg = Release|Any CPU
		{168EB512-208B-433C-BD9B-B7D02CD4339B}.Release|Any CPU.Build.0 = Release|Any CPU
		{D94C4B15-B1DA-422E-AFA8-3E14272DEE8C}.Debug|Any CPU.ActiveCfg = Debug|Any CPU
		{D94C4B15-B1DA-422E-AFA8-3E14272DEE8C}.Debug|Any CPU.Build.0 = Debug|Any CPU
		{D94C4B15-B1DA-422E-AFA8-3E14272DEE8C}.Release|Any CPU.ActiveCfg = Release|Any CPU
		{D94C4B15-B1DA-422E-AFA8-3E14272DEE8C}.Release|Any CPU.Build.0 = Release|Any CPU
		{766116F0-2895-4E03-A9D9-4334F350A88B}.Debug|Any CPU.ActiveCfg = Debug|Any CPU
		{766116F0-2895-4E03-A9D9-4334F350A88B}.Debug|Any CPU.Build.0 = Debug|Any CPU
		{766116F0-2895-4E03-A9D9-4334F350A88B}.Release|Any CPU.ActiveCfg = Release|Any CPU
		{766116F0-2895-4E03-A9D9-4334F350A88B}.Release|Any CPU.Build.0 = Release|Any CPU
		{1ACB49AE-8BAF-4A3E-8BD1-51CEF7D93BB1}.Debug|Any CPU.ActiveCfg = Debug|Any CPU
		{1ACB49AE-8BAF-4A3E-8BD1-51CEF7D93BB1}.Debug|Any CPU.Build.0 = Debug|Any CPU
		{1ACB49AE-8BAF-4A3E-8BD1-51CEF7D93BB1}.Release|Any CPU.ActiveCfg = Release|Any CPU
		{1ACB49AE-8BAF-4A3E-8BD1-51CEF7D93BB1}.Release|Any CPU.Build.0 = Release|Any CPU
		{93DBD3FD-183B-47B9-A608-98A3B99F33A3}.Debug|Any CPU.ActiveCfg = Debug|Any CPU
		{93DBD3FD-183B-47B9-A608-98A3B99F33A3}.Debug|Any CPU.Build.0 = Debug|Any CPU
		{93DBD3FD-183B-47B9-A608-98A3B99F33A3}.Release|Any CPU.ActiveCfg = Release|Any CPU
		{93DBD3FD-183B-47B9-A608-98A3B99F33A3}.Release|Any CPU.Build.0 = Release|Any CPU
		{29A0E2C5-23F9-4E86-933F-5E4E84882F21}.Debug|Any CPU.ActiveCfg = Debug|Any CPU
		{29A0E2C5-23F9-4E86-933F-5E4E84882F21}.Debug|Any CPU.Build.0 = Debug|Any CPU
		{29A0E2C5-23F9-4E86-933F-5E4E84882F21}.Release|Any CPU.ActiveCfg = Release|Any CPU
		{29A0E2C5-23F9-4E86-933F-5E4E84882F21}.Release|Any CPU.Build.0 = Release|Any CPU
		{C6800127-3CE5-48C1-A4C6-D6FDFC7766C2}.Debug|Any CPU.ActiveCfg = Debug|Any CPU
		{C6800127-3CE5-48C1-A4C6-D6FDFC7766C2}.Debug|Any CPU.Build.0 = Debug|Any CPU
		{C6800127-3CE5-48C1-A4C6-D6FDFC7766C2}.Release|Any CPU.ActiveCfg = Release|Any CPU
		{C6800127-3CE5-48C1-A4C6-D6FDFC7766C2}.Release|Any CPU.Build.0 = Release|Any CPU
		{C09CD713-B821-4F22-AA4F-042DF33E82EA}.Debug|Any CPU.ActiveCfg = Debug|Any CPU
		{C09CD713-B821-4F22-AA4F-042DF33E82EA}.Debug|Any CPU.Build.0 = Debug|Any CPU
		{C09CD713-B821-4F22-AA4F-042DF33E82EA}.Release|Any CPU.ActiveCfg = Release|Any CPU
		{C09CD713-B821-4F22-AA4F-042DF33E82EA}.Release|Any CPU.Build.0 = Release|Any CPU
		{A7B9F4CD-9FB3-477E-91EA-A176685474E8}.Debug|Any CPU.ActiveCfg = Debug|Any CPU
		{A7B9F4CD-9FB3-477E-91EA-A176685474E8}.Debug|Any CPU.Build.0 = Debug|Any CPU
		{A7B9F4CD-9FB3-477E-91EA-A176685474E8}.Release|Any CPU.ActiveCfg = Release|Any CPU
		{A7B9F4CD-9FB3-477E-91EA-A176685474E8}.Release|Any CPU.Build.0 = Release|Any CPU
		{2A4234CA-DB3D-48FB-842E-0D056D1699A1}.Debug|Any CPU.ActiveCfg = Debug|Any CPU
		{2A4234CA-DB3D-48FB-842E-0D056D1699A1}.Debug|Any CPU.Build.0 = Debug|Any CPU
		{2A4234CA-DB3D-48FB-842E-0D056D1699A1}.Release|Any CPU.ActiveCfg = Release|Any CPU
		{2A4234CA-DB3D-48FB-842E-0D056D1699A1}.Release|Any CPU.Build.0 = Release|Any CPU
		{F9948CBD-2673-49FD-870C-DF712B80C94B}.Debug|Any CPU.ActiveCfg = Debug|Any CPU
		{F9948CBD-2673-49FD-870C-DF712B80C94B}.Debug|Any CPU.Build.0 = Debug|Any CPU
		{F9948CBD-2673-49FD-870C-DF712B80C94B}.Release|Any CPU.ActiveCfg = Release|Any CPU
		{F9948CBD-2673-49FD-870C-DF712B80C94B}.Release|Any CPU.Build.0 = Release|Any CPU
		{F97E766D-9337-4094-9C1A-E42140F21850}.Debug|Any CPU.ActiveCfg = Debug|Any CPU
		{F97E766D-9337-4094-9C1A-E42140F21850}.Debug|Any CPU.Build.0 = Debug|Any CPU
		{F97E766D-9337-4094-9C1A-E42140F21850}.Release|Any CPU.ActiveCfg = Release|Any CPU
		{F97E766D-9337-4094-9C1A-E42140F21850}.Release|Any CPU.Build.0 = Release|Any CPU
		{04C426A1-E82D-4EE7-AB17-A804BE5A8C80}.Debug|Any CPU.ActiveCfg = Debug|Any CPU
		{04C426A1-E82D-4EE7-AB17-A804BE5A8C80}.Debug|Any CPU.Build.0 = Debug|Any CPU
		{04C426A1-E82D-4EE7-AB17-A804BE5A8C80}.Release|Any CPU.ActiveCfg = Release|Any CPU
		{04C426A1-E82D-4EE7-AB17-A804BE5A8C80}.Release|Any CPU.Build.0 = Release|Any CPU
		{FBA7AB45-DFCC-4D88-8828-9650B916E043}.Debug|Any CPU.ActiveCfg = Debug|Any CPU
		{FBA7AB45-DFCC-4D88-8828-9650B916E043}.Debug|Any CPU.Build.0 = Debug|Any CPU
		{FBA7AB45-DFCC-4D88-8828-9650B916E043}.Release|Any CPU.ActiveCfg = Release|Any CPU
		{FBA7AB45-DFCC-4D88-8828-9650B916E043}.Release|Any CPU.Build.0 = Release|Any CPU
		{903FC486-24C0-48C4-81E1-8519D55D8098}.Debug|Any CPU.ActiveCfg = Debug|Any CPU
		{903FC486-24C0-48C4-81E1-8519D55D8098}.Debug|Any CPU.Build.0 = Debug|Any CPU
		{903FC486-24C0-48C4-81E1-8519D55D8098}.Release|Any CPU.ActiveCfg = Release|Any CPU
		{903FC486-24C0-48C4-81E1-8519D55D8098}.Release|Any CPU.Build.0 = Release|Any CPU
		{95C3B248-5BA7-4ACD-A684-D603268BAB5E}.Debug|Any CPU.ActiveCfg = Debug|Any CPU
		{95C3B248-5BA7-4ACD-A684-D603268BAB5E}.Debug|Any CPU.Build.0 = Debug|Any CPU
		{95C3B248-5BA7-4ACD-A684-D603268BAB5E}.Release|Any CPU.ActiveCfg = Release|Any CPU
		{95C3B248-5BA7-4ACD-A684-D603268BAB5E}.Release|Any CPU.Build.0 = Release|Any CPU
		{23A25946-0A2A-428A-9D67-E48C062FEBC6}.Debug|Any CPU.ActiveCfg = Debug|Any CPU
		{23A25946-0A2A-428A-9D67-E48C062FEBC6}.Debug|Any CPU.Build.0 = Debug|Any CPU
		{23A25946-0A2A-428A-9D67-E48C062FEBC6}.Release|Any CPU.ActiveCfg = Release|Any CPU
		{23A25946-0A2A-428A-9D67-E48C062FEBC6}.Release|Any CPU.Build.0 = Release|Any CPU
		{19AF3ED1-0EFF-4FBF-B832-DD8EEBAD07DB}.Debug|Any CPU.ActiveCfg = Debug|Any CPU
		{19AF3ED1-0EFF-4FBF-B832-DD8EEBAD07DB}.Debug|Any CPU.Build.0 = Debug|Any CPU
		{19AF3ED1-0EFF-4FBF-B832-DD8EEBAD07DB}.Release|Any CPU.ActiveCfg = Release|Any CPU
		{19AF3ED1-0EFF-4FBF-B832-DD8EEBAD07DB}.Release|Any CPU.Build.0 = Release|Any CPU
		{6BB27D98-48F4-464C-B5CE-13697A448F24}.Debug|Any CPU.ActiveCfg = Debug|Any CPU
		{6BB27D98-48F4-464C-B5CE-13697A448F24}.Debug|Any CPU.Build.0 = Debug|Any CPU
		{6BB27D98-48F4-464C-B5CE-13697A448F24}.Release|Any CPU.ActiveCfg = Release|Any CPU
		{6BB27D98-48F4-464C-B5CE-13697A448F24}.Release|Any CPU.Build.0 = Release|Any CPU
		{D78E7057-176E-46E5-88B8-9CF26D2B067A}.Debug|Any CPU.ActiveCfg = Debug|Any CPU
		{D78E7057-176E-46E5-88B8-9CF26D2B067A}.Debug|Any CPU.Build.0 = Debug|Any CPU
		{D78E7057-176E-46E5-88B8-9CF26D2B067A}.Release|Any CPU.ActiveCfg = Release|Any CPU
		{D78E7057-176E-46E5-88B8-9CF26D2B067A}.Release|Any CPU.Build.0 = Release|Any CPU
		{4A1C775C-41AE-4A8E-83C2-63F4884B0B62}.Debug|Any CPU.ActiveCfg = Debug|Any CPU
		{4A1C775C-41AE-4A8E-83C2-63F4884B0B62}.Debug|Any CPU.Build.0 = Debug|Any CPU
		{4A1C775C-41AE-4A8E-83C2-63F4884B0B62}.Release|Any CPU.ActiveCfg = Release|Any CPU
		{4A1C775C-41AE-4A8E-83C2-63F4884B0B62}.Release|Any CPU.Build.0 = Release|Any CPU
		{FB36C26B-E71F-4F71-A7DF-8D9F399766B0}.Debug|Any CPU.ActiveCfg = Debug|Any CPU
		{FB36C26B-E71F-4F71-A7DF-8D9F399766B0}.Debug|Any CPU.Build.0 = Debug|Any CPU
		{FB36C26B-E71F-4F71-A7DF-8D9F399766B0}.Release|Any CPU.ActiveCfg = Release|Any CPU
		{FB36C26B-E71F-4F71-A7DF-8D9F399766B0}.Release|Any CPU.Build.0 = Release|Any CPU
		{F3E08D50-036F-4F46-B201-C917867B0199}.Debug|Any CPU.ActiveCfg = Debug|Any CPU
		{F3E08D50-036F-4F46-B201-C917867B0199}.Debug|Any CPU.Build.0 = Debug|Any CPU
		{F3E08D50-036F-4F46-B201-C917867B0199}.Release|Any CPU.ActiveCfg = Release|Any CPU
		{F3E08D50-036F-4F46-B201-C917867B0199}.Release|Any CPU.Build.0 = Release|Any CPU
		{B22A75F9-F535-46A1-8CAE-8DDC1AAE7462}.Debug|Any CPU.ActiveCfg = Debug|Any CPU
		{B22A75F9-F535-46A1-8CAE-8DDC1AAE7462}.Debug|Any CPU.Build.0 = Debug|Any CPU
		{B22A75F9-F535-46A1-8CAE-8DDC1AAE7462}.Release|Any CPU.ActiveCfg = Release|Any CPU
		{B22A75F9-F535-46A1-8CAE-8DDC1AAE7462}.Release|Any CPU.Build.0 = Release|Any CPU
		{90368EAB-D081-431C-8D92-6FC9A1EE6753}.Debug|Any CPU.ActiveCfg = Debug|Any CPU
		{90368EAB-D081-431C-8D92-6FC9A1EE6753}.Debug|Any CPU.Build.0 = Debug|Any CPU
		{90368EAB-D081-431C-8D92-6FC9A1EE6753}.Release|Any CPU.ActiveCfg = Release|Any CPU
		{90368EAB-D081-431C-8D92-6FC9A1EE6753}.Release|Any CPU.Build.0 = Release|Any CPU
		{A8C5847E-31B9-49AD-B837-8BB8E9A4ACA9}.Debug|Any CPU.ActiveCfg = Debug|Any CPU
		{A8C5847E-31B9-49AD-B837-8BB8E9A4ACA9}.Debug|Any CPU.Build.0 = Debug|Any CPU
		{A8C5847E-31B9-49AD-B837-8BB8E9A4ACA9}.Release|Any CPU.ActiveCfg = Release|Any CPU
		{A8C5847E-31B9-49AD-B837-8BB8E9A4ACA9}.Release|Any CPU.Build.0 = Release|Any CPU
		{9233BDA2-4C51-4E07-ACCD-E3BFDFFA03AC}.Debug|Any CPU.ActiveCfg = Debug|Any CPU
		{9233BDA2-4C51-4E07-ACCD-E3BFDFFA03AC}.Debug|Any CPU.Build.0 = Debug|Any CPU
		{9233BDA2-4C51-4E07-ACCD-E3BFDFFA03AC}.Release|Any CPU.ActiveCfg = Release|Any CPU
		{9233BDA2-4C51-4E07-ACCD-E3BFDFFA03AC}.Release|Any CPU.Build.0 = Release|Any CPU
		{B50A35A2-A262-462A-ADBE-84E86B775984}.Debug|Any CPU.ActiveCfg = Debug|Any CPU
		{B50A35A2-A262-462A-ADBE-84E86B775984}.Debug|Any CPU.Build.0 = Debug|Any CPU
		{B50A35A2-A262-462A-ADBE-84E86B775984}.Release|Any CPU.ActiveCfg = Release|Any CPU
		{B50A35A2-A262-462A-ADBE-84E86B775984}.Release|Any CPU.Build.0 = Release|Any CPU
		{ECA06B39-80CD-4F52-A7C6-B960E9CBF3EE}.Debug|Any CPU.ActiveCfg = Debug|Any CPU
		{ECA06B39-80CD-4F52-A7C6-B960E9CBF3EE}.Debug|Any CPU.Build.0 = Debug|Any CPU
		{ECA06B39-80CD-4F52-A7C6-B960E9CBF3EE}.Release|Any CPU.ActiveCfg = Release|Any CPU
		{ECA06B39-80CD-4F52-A7C6-B960E9CBF3EE}.Release|Any CPU.Build.0 = Release|Any CPU
		{23235120-17DE-423B-9424-F0770A9A29FD}.Debug|Any CPU.ActiveCfg = Debug|Any CPU
		{23235120-17DE-423B-9424-F0770A9A29FD}.Debug|Any CPU.Build.0 = Debug|Any CPU
		{23235120-17DE-423B-9424-F0770A9A29FD}.Release|Any CPU.ActiveCfg = Release|Any CPU
		{23235120-17DE-423B-9424-F0770A9A29FD}.Release|Any CPU.Build.0 = Release|Any CPU
		{05BF667B-8F8A-476C-806D-4EA2C140E2E9}.Debug|Any CPU.ActiveCfg = Debug|Any CPU
		{05BF667B-8F8A-476C-806D-4EA2C140E2E9}.Debug|Any CPU.Build.0 = Debug|Any CPU
		{05BF667B-8F8A-476C-806D-4EA2C140E2E9}.Release|Any CPU.ActiveCfg = Release|Any CPU
		{05BF667B-8F8A-476C-806D-4EA2C140E2E9}.Release|Any CPU.Build.0 = Release|Any CPU
		{230F47A4-469C-44F8-97D7-3D55037E4A69}.Debug|Any CPU.ActiveCfg = Debug|Any CPU
		{230F47A4-469C-44F8-97D7-3D55037E4A69}.Debug|Any CPU.Build.0 = Debug|Any CPU
		{230F47A4-469C-44F8-97D7-3D55037E4A69}.Release|Any CPU.ActiveCfg = Release|Any CPU
		{230F47A4-469C-44F8-97D7-3D55037E4A69}.Release|Any CPU.Build.0 = Release|Any CPU
		{0E3EA6E1-0575-4DBB-9886-00B7E4941F96}.Debug|Any CPU.ActiveCfg = Debug|Any CPU
		{0E3EA6E1-0575-4DBB-9886-00B7E4941F96}.Debug|Any CPU.Build.0 = Debug|Any CPU
		{0E3EA6E1-0575-4DBB-9886-00B7E4941F96}.Release|Any CPU.ActiveCfg = Release|Any CPU
		{0E3EA6E1-0575-4DBB-9886-00B7E4941F96}.Release|Any CPU.Build.0 = Release|Any CPU
		{4ADF1156-DCB9-4410-AB65-F0BEADD7256B}.Debug|Any CPU.ActiveCfg = Debug|Any CPU
		{4ADF1156-DCB9-4410-AB65-F0BEADD7256B}.Debug|Any CPU.Build.0 = Debug|Any CPU
		{4ADF1156-DCB9-4410-AB65-F0BEADD7256B}.Release|Any CPU.ActiveCfg = Release|Any CPU
		{4ADF1156-DCB9-4410-AB65-F0BEADD7256B}.Release|Any CPU.Build.0 = Release|Any CPU
		{3C1CB2A9-57E1-466E-AA6F-5576C3E34B46}.Debug|Any CPU.ActiveCfg = Debug|Any CPU
		{3C1CB2A9-57E1-466E-AA6F-5576C3E34B46}.Debug|Any CPU.Build.0 = Debug|Any CPU
		{3C1CB2A9-57E1-466E-AA6F-5576C3E34B46}.Release|Any CPU.ActiveCfg = Release|Any CPU
		{3C1CB2A9-57E1-466E-AA6F-5576C3E34B46}.Release|Any CPU.Build.0 = Release|Any CPU
		{24CE07B3-5AA1-4A9F-92F1-A092027ADDD9}.Debug|Any CPU.ActiveCfg = Debug|Any CPU
		{24CE07B3-5AA1-4A9F-92F1-A092027ADDD9}.Debug|Any CPU.Build.0 = Debug|Any CPU
		{24CE07B3-5AA1-4A9F-92F1-A092027ADDD9}.Release|Any CPU.ActiveCfg = Release|Any CPU
		{24CE07B3-5AA1-4A9F-92F1-A092027ADDD9}.Release|Any CPU.Build.0 = Release|Any CPU
		{AF841D50-080F-4E67-90A2-FBA036A38358}.Debug|Any CPU.ActiveCfg = Debug|Any CPU
		{AF841D50-080F-4E67-90A2-FBA036A38358}.Debug|Any CPU.Build.0 = Debug|Any CPU
		{AF841D50-080F-4E67-90A2-FBA036A38358}.Release|Any CPU.ActiveCfg = Release|Any CPU
		{AF841D50-080F-4E67-90A2-FBA036A38358}.Release|Any CPU.Build.0 = Release|Any CPU
		{8550D7E4-463C-4E76-889C-A39FB95689AB}.Debug|Any CPU.ActiveCfg = Debug|Any CPU
		{8550D7E4-463C-4E76-889C-A39FB95689AB}.Debug|Any CPU.Build.0 = Debug|Any CPU
		{8550D7E4-463C-4E76-889C-A39FB95689AB}.Release|Any CPU.ActiveCfg = Release|Any CPU
		{8550D7E4-463C-4E76-889C-A39FB95689AB}.Release|Any CPU.Build.0 = Release|Any CPU
		{C9333839-4A1C-4992-B83B-97AC3899DE09}.Debug|Any CPU.ActiveCfg = Debug|Any CPU
		{C9333839-4A1C-4992-B83B-97AC3899DE09}.Debug|Any CPU.Build.0 = Debug|Any CPU
		{C9333839-4A1C-4992-B83B-97AC3899DE09}.Release|Any CPU.ActiveCfg = Release|Any CPU
		{C9333839-4A1C-4992-B83B-97AC3899DE09}.Release|Any CPU.Build.0 = Release|Any CPU
	EndGlobalSection
	GlobalSection(SolutionProperties) = preSolution
		HideSolutionNode = FALSE
	EndGlobalSection
	GlobalSection(NestedProjects) = preSolution
		{078C2A6B-B19F-41DA-904E-9529F4EF6D2E} = {F2600457-8D93-4FFC-AE6F-5C008E62067C}
		{CCC11834-BF6E-46C7-911F-7933CE906853} = {F2600457-8D93-4FFC-AE6F-5C008E62067C}
		{168EB512-208B-433C-BD9B-B7D02CD4339B} = {F2600457-8D93-4FFC-AE6F-5C008E62067C}
		{D94C4B15-B1DA-422E-AFA8-3E14272DEE8C} = {F2600457-8D93-4FFC-AE6F-5C008E62067C}
		{766116F0-2895-4E03-A9D9-4334F350A88B} = {B31F5C5B-139A-4F92-BD73-26E3DABDF773}
		{1ACB49AE-8BAF-4A3E-8BD1-51CEF7D93BB1} = {650C0F0B-D687-44D9-A455-85EDEE5AA8E4}
		{93DBD3FD-183B-47B9-A608-98A3B99F33A3} = {650C0F0B-D687-44D9-A455-85EDEE5AA8E4}
		{29A0E2C5-23F9-4E86-933F-5E4E84882F21} = {B313AAE1-DED3-46AE-B19A-71CCC0C0E2B6}
		{C6800127-3CE5-48C1-A4C6-D6FDFC7766C2} = {B313AAE1-DED3-46AE-B19A-71CCC0C0E2B6}
		{C09CD713-B821-4F22-AA4F-042DF33E82EA} = {B313AAE1-DED3-46AE-B19A-71CCC0C0E2B6}
		{A7B9F4CD-9FB3-477E-91EA-A176685474E8} = {B313AAE1-DED3-46AE-B19A-71CCC0C0E2B6}
		{2A4234CA-DB3D-48FB-842E-0D056D1699A1} = {B31F5C5B-139A-4F92-BD73-26E3DABDF773}
		{F9948CBD-2673-49FD-870C-DF712B80C94B} = {B313AAE1-DED3-46AE-B19A-71CCC0C0E2B6}
		{F97E766D-9337-4094-9C1A-E42140F21850} = {E804FD67-3393-4D7C-9B1E-B2BA46BF69F3}
		{04C426A1-E82D-4EE7-AB17-A804BE5A8C80} = {E804FD67-3393-4D7C-9B1E-B2BA46BF69F3}
		{FBA7AB45-DFCC-4D88-8828-9650B916E043} = {E804FD67-3393-4D7C-9B1E-B2BA46BF69F3}
		{903FC486-24C0-48C4-81E1-8519D55D8098} = {D3FFCD4A-8A92-42ED-9A66-EA03689767DA}
		{95C3B248-5BA7-4ACD-A684-D603268BAB5E} = {2D3BA35B-06B1-4ACB-8C44-DCA0B92AAB82}
		{23A25946-0A2A-428A-9D67-E48C062FEBC6} = {2D3BA35B-06B1-4ACB-8C44-DCA0B92AAB82}
		{19AF3ED1-0EFF-4FBF-B832-DD8EEBAD07DB} = {B31F5C5B-139A-4F92-BD73-26E3DABDF773}
		{6BB27D98-48F4-464C-B5CE-13697A448F24} = {E804FD67-3393-4D7C-9B1E-B2BA46BF69F3}
		{D78E7057-176E-46E5-88B8-9CF26D2B067A} = {B313AAE1-DED3-46AE-B19A-71CCC0C0E2B6}
		{4A1C775C-41AE-4A8E-83C2-63F4884B0B62} = {D3FFCD4A-8A92-42ED-9A66-EA03689767DA}
		{FB36C26B-E71F-4F71-A7DF-8D9F399766B0} = {2D3BA35B-06B1-4ACB-8C44-DCA0B92AAB82}
		{F3E08D50-036F-4F46-B201-C917867B0199} = {2D3BA35B-06B1-4ACB-8C44-DCA0B92AAB82}
		{B22A75F9-F535-46A1-8CAE-8DDC1AAE7462} = {2D3BA35B-06B1-4ACB-8C44-DCA0B92AAB82}
		{90368EAB-D081-431C-8D92-6FC9A1EE6753} = {D3FFCD4A-8A92-42ED-9A66-EA03689767DA}
		{A8C5847E-31B9-49AD-B837-8BB8E9A4ACA9} = {2040F77F-08E5-4502-AA10-0A0CF453F4C6}
		{9233BDA2-4C51-4E07-ACCD-E3BFDFFA03AC} = {41EEE3AE-1AE3-4289-A964-59A9B6E7B1AE}
		{B50A35A2-A262-462A-ADBE-84E86B775984} = {41EEE3AE-1AE3-4289-A964-59A9B6E7B1AE}
		{ECA06B39-80CD-4F52-A7C6-B960E9CBF3EE} = {2040F77F-08E5-4502-AA10-0A0CF453F4C6}
		{23235120-17DE-423B-9424-F0770A9A29FD} = {2040F77F-08E5-4502-AA10-0A0CF453F4C6}
		{05BF667B-8F8A-476C-806D-4EA2C140E2E9} = {380D1DAB-1D98-4E38-9818-C8712A99BC4E}
		{230F47A4-469C-44F8-97D7-3D55037E4A69} = {BC6CAC59-E6DF-4D53-9A12-20D6212ED957}
		{0E3EA6E1-0575-4DBB-9886-00B7E4941F96} = {650C0F0B-D687-44D9-A455-85EDEE5AA8E4}
		{4ADF1156-DCB9-4410-AB65-F0BEADD7256B} = {2040F77F-08E5-4502-AA10-0A0CF453F4C6}
		{3C1CB2A9-57E1-466E-AA6F-5576C3E34B46} = {2040F77F-08E5-4502-AA10-0A0CF453F4C6}
		{24CE07B3-5AA1-4A9F-92F1-A092027ADDD9} = {380D1DAB-1D98-4E38-9818-C8712A99BC4E}
		{AF841D50-080F-4E67-90A2-FBA036A38358} = {380D1DAB-1D98-4E38-9818-C8712A99BC4E}
		{8550D7E4-463C-4E76-889C-A39FB95689AB} = {380D1DAB-1D98-4E38-9818-C8712A99BC4E}
		{C9333839-4A1C-4992-B83B-97AC3899DE09} = {BC6CAC59-E6DF-4D53-9A12-20D6212ED957}
	EndGlobalSection
	GlobalSection(ExtensibilityGlobals) = postSolution
		SolutionGuid = {E61A39C8-7FE8-4292-A237-B5DBE7E0E57C}
	EndGlobalSection
EndGlobal
